
Microsoft Visual Studio Solution File, Format Version 12.00
# Visual Studio Version 17
VisualStudioVersion = 17.0.31903.59
MinimumVisualStudioVersion = 10.0.40219.1
Project("{FAE04EC0-301F-11D3-BF4B-00C04F79EFBC}") = "NOLoader.API", "..\src\NOLoader.API\NOLoader.API.csproj", "{D6F05BAB-B3A6-4547-B036-01668A4273D5}"
EndProject
Project("{FAE04EC0-301F-11D3-BF4B-00C04F79EFBC}") = "NOLoader.Core", "..\src\NOLoader.Core\NOLoader.Core.csproj", "{6149AB57-9083-4718-86D8-542F40A578F0}"
EndProject
Project("{FAE04EC0-301F-11D3-BF4B-00C04F79EFBC}") = "NOLoader.Patcher", "..\src\NOLoader.Patcher\NOLoader.Patcher.csproj", "{12AECF41-10E3-40C4-889D-D1B553C9A2AA}"
EndProject
Project("{FAE04EC0-301F-11D3-BF4B-00C04F79EFBC}") = "NOLoader.Registry", "..\src\NOLoader.Registry\NOLoader.Registry.csproj", "{FA6A8C77-5E20-472F-8CA2-12065A613AF2}"
EndProject
Project("{FAE04EC0-301F-11D3-BF4B-00C04F79EFBC}") = "NOLoader.Telemetry", "..\src\NOLoader.Telemetry\NOLoader.Telemetry.csproj", "{18C40CBA-20A3-47B5-8214-52318E9D4D0B}"
EndProject
Project("{FAE04EC0-301F-11D3-BF4B-00C04F79EFBC}") = "NOLoader.PatchTool", "..\src\NOLoader.PatchTool\NOLoader.PatchTool.csproj", "{39BA2B93-726A-4692-B441-70B6BA3B06B8}"
EndProject
Project("{FAE04EC0-301F-11D3-BF4B-00C04F79EFBC}") = "NOLoader.Core.Tests", "..\tests\NOLoader.Core.Tests\NOLoader.Core.Tests.csproj", "{F331D89C-CE43-44F7-BF55-B1ABE629CE54}"
EndProject
Project("{FAE04EC0-301F-11D3-BF4B-00C04F79EFBC}") = "NOLoader.Patcher.Tests", "..\tests\NOLoader.Patcher.Tests\NOLoader.Patcher.Tests.csproj", "{69584749-7591-4952-9F78-2EF05C66164B}"
EndProject
Project("{2150E333-8FDC-42A3-9474-1A3956D46DE8}") = "mods", "mods", "{ED7DE66D-1FF1-BCCD-393E-2D4AFCA661A0}"
EndProject
Project("{FAE04EC0-301F-11D3-BF4B-00C04F79EFBC}") = "NOLoader.DiagCommon", "mods\NOLoader.DiagCommon\NOLoader.DiagCommon.csproj", "{1AB2E000-A523-4802-90C8-68974D2AA2B0}"
EndProject
Project("{FAE04EC0-301F-11D3-BF4B-00C04F79EFBC}") = "NOLoader.LoaderDiag", "mods\NOLoader.LoaderDiag\NOLoader.LoaderDiag.csproj", "{FA7CA3DD-745E-4EB8-8356-C2D894390427}"
EndProject
Project("{FAE04EC0-301F-11D3-BF4B-00C04F79EFBC}") = "NOLoader.LoaderDiagMenu", "mods\NOLoader.LoaderDiagMenu\NOLoader.LoaderDiagMenu.csproj", "{1FB39CA5-8C55-418A-8321-6C8B0079DF62}"
EndProject
Project("{FAE04EC0-301F-11D3-BF4B-00C04F79EFBC}") = "NOLoader.RegistrySample", "mods\NOLoader.RegistrySample\NOLoader.RegistrySample.csproj", "{EB1D5078-0194-4C38-9B5C-C7BC45935A06}"
EndProject
Project("{FAE04EC0-301F-11D3-BF4B-00C04F79EFBC}") = "NOLoader.WeaponNames", "mods\NOLoader.WeaponNames\NOLoader.WeaponNames.csproj", "{4ED62FAF-A9FB-4574-B5A5-7C5AE8968367}"
EndProject
Project("{FAE04EC0-301F-11D3-BF4B-00C04F79EFBC}") = "NOLoader.TestMod", "mods\NOLoader.TestMod\NOLoader.TestMod.csproj", "{A3D11F24-ACE5-437D-8847-974231F3148F}"
EndProject
Project("{FAE04EC0-301F-11D3-BF4B-00C04F79EFBC}") = "NOLoader.LoaderLab", "mods\NOLoader.LoaderLab\NOLoader.LoaderLab.csproj", "{DFF4D8AF-287D-4884-B488-1AB047170B0D}"
EndProject
Project("{FAE04EC0-301F-11D3-BF4B-00C04F79EFBC}") = "NOLoader.MechanicsTest", "mods\NOLoader.MechanicsTest\NOLoader.MechanicsTest.csproj", "{FAE72399-DA6D-46CA-BE07-F2BDAEA5EFD9}"
EndProject
Project("{2150E333-8FDC-42A3-9474-1A3956D46DE8}") = "native", "native", "{A1B2C3D4-1111-2222-3333-444455556666}"
EndProject
Project("{8BC9CEB8-8B4A-11D0-8D11-00A0C91BC942}") = "NOLoader.Proxy", "..\native\NOLoader.Proxy\NOLoader.Proxy.vcxproj", "{E1F2A3B4-C5D6-7890-4567-901234567890}"
EndProject
Project("{FAE04EC0-301F-11D3-BF4B-00C04F79EFBC}") = "NOLoader.BrokenMod", "mods\NOLoader.BrokenMod\NOLoader.BrokenMod.csproj", "{24D6EC25-8355-4813-9C1D-25DE300EE0EB}"
EndProject
Project("{FAE04EC0-301F-11D3-BF4B-00C04F79EFBC}") = "NOLoader.FaultMission", "mods\NOLoader.FaultMission\NOLoader.FaultMission.csproj", "{A7B8C9D0-E1F2-3456-7890-ABCDEF012345}"
EndProject
Project("{FAE04EC0-301F-11D3-BF4B-00C04F79EFBC}") = "NOLoader.UniversalLoadout", "mods\NOLoader.UniversalLoadout\NOLoader.UniversalLoadout.csproj", "{B8C9D0E1-F2A3-4567-8901-BCDEF0123456}"
EndProject
Project("{2150E333-8FDC-42A3-9474-1A3956D46DE8}") = "shared", "shared", "{4F52FD11-658E-A102-6CD3-7D7C16FFA15B}"
EndProject
Project("{FAE04EC0-301F-11D3-BF4B-00C04F79EFBC}") = "NOLoader.ModConfig", "shared\NOLoader.ModConfig\NOLoader.ModConfig.csproj", "{CF1B7D86-A208-434A-AFA2-2EBD7DC011D5}"
EndProject
Project("{FAE04EC0-301F-11D3-BF4B-00C04F79EFBC}") = "NOLoader.HudCommon", "mods\NOLoader.HudCommon\NOLoader.HudCommon.csproj", "{91BA05BE-F236-4C5E-A528-17C9036F141C}"
EndProject
Project("{FAE04EC0-301F-11D3-BF4B-00C04F79EFBC}") = "NOLoader.MissileEta", "mods\NOLoader.MissileEta\NOLoader.MissileEta.csproj", "{D0163FB8-AE60-4B72-971B-27B1E8CBA7A6}"
EndProject
Project("{FAE04EC0-301F-11D3-BF4B-00C04F79EFBC}") = "NOLoader.MissileLaunchArcHud", "mods\NOLoader.MissileLaunchArcHud\NOLoader.MissileLaunchArcHud.csproj", "{137AF3E6-ABCE-4B17-9F5A-3FBD73948B47}"
EndProject
Project("{FAE04EC0-301F-11D3-BF4B-00C04F79EFBC}") = "NOLoader.MissileHoldCam", "mods\NOLoader.MissileHoldCam\NOLoader.MissileHoldCam.csproj", "{2FE3606C-2002-476F-9C97-95EE490CC101}"
EndProject
Project("{FAE04EC0-301F-11D3-BF4B-00C04F79EFBC}") = "NOLoader.VectoringTargetHud", "mods\NOLoader.VectoringTargetHud\NOLoader.VectoringTargetHud.csproj", "{BC8CA7C7-703D-4C7D-8460-8910F4685659}"
EndProject
Project("{FAE04EC0-301F-11D3-BF4B-00C04F79EFBC}") = "NOLoader.RealWeaponNames", "mods\NOLoader.RealWeaponNames\NOLoader.RealWeaponNames.csproj", "{A9D2FFE0-E226-49D7-AB5B-03C306673CAC}"
EndProject
Project("{FAE04EC0-301F-11D3-BF4B-00C04F79EFBC}") = "NOLoader.RepeatTakeoffMusic", "mods\NOLoader.RepeatTakeoffMusic\NOLoader.RepeatTakeoffMusic.csproj", "{04E794EC-6A28-4422-A75B-534A215EA2E0}"
EndProject
Project("{FAE04EC0-301F-11D3-BF4B-00C04F79EFBC}") = "NOLoader.AutoFlare", "mods\NOLoader.AutoFlare\NOLoader.AutoFlare.csproj", "{C6451581-0635-437F-9855-1AEAEF3C99C4}"
EndProject
Project("{FAE04EC0-301F-11D3-BF4B-00C04F79EFBC}") = "NOLoader.PerfTest", "mods\NOLoader.PerfTest\NOLoader.PerfTest.csproj", "{506925E4-F5D2-44A1-AFB8-0EAB50AC5308}"
EndProject
Project("{FAE04EC0-301F-11D3-BF4B-00C04F79EFBC}") = "NOLoader.NVGConfig", "mods\NOLoader.NVGConfig\NOLoader.NVGConfig.csproj", "{F1A2B3C4-D5E6-4789-A0B1-C2D3E4F56789}"
EndProject
Global
	GlobalSection(SolutionConfigurationPlatforms) = preSolution
		Debug|Any CPU = Debug|Any CPU
		Debug|x64 = Debug|x64
		Debug|x86 = Debug|x86
		Release|Any CPU = Release|Any CPU
		Release|x64 = Release|x64
		Release|x86 = Release|x86
		DEV_SDK|Any CPU = DEV_SDK|Any CPU
		DEV_SDK|x64 = DEV_SDK|x64
		DEV_SDK|x86 = DEV_SDK|x86
	EndGlobalSection
	GlobalSection(ProjectConfigurationPlatforms) = postSolution
		{D6F05BAB-B3A6-4547-B036-01668A4273D5}.Debug|Any CPU.ActiveCfg = Debug|Any CPU
		{D6F05BAB-B3A6-4547-B036-01668A4273D5}.Debug|Any CPU.Build.0 = Debug|Any CPU
		{D6F05BAB-B3A6-4547-B036-01668A4273D5}.Debug|x64.ActiveCfg = Debug|Any CPU
		{D6F05BAB-B3A6-4547-B036-01668A4273D5}.Debug|x64.Build.0 = Debug|Any CPU
		{D6F05BAB-B3A6-4547-B036-01668A4273D5}.Debug|x86.ActiveCfg = Debug|Any CPU
		{D6F05BAB-B3A6-4547-B036-01668A4273D5}.Debug|x86.Build.0 = Debug|Any CPU
		{D6F05BAB-B3A6-4547-B036-01668A4273D5}.Release|Any CPU.ActiveCfg = Release|Any CPU
		{D6F05BAB-B3A6-4547-B036-01668A4273D5}.Release|Any CPU.Build.0 = Release|Any CPU
		{D6F05BAB-B3A6-4547-B036-01668A4273D5}.Release|x64.ActiveCfg = Release|Any CPU
		{D6F05BAB-B3A6-4547-B036-01668A4273D5}.Release|x64.Build.0 = Release|Any CPU
		{D6F05BAB-B3A6-4547-B036-01668A4273D5}.Release|x86.ActiveCfg = Release|Any CPU
		{D6F05BAB-B3A6-4547-B036-01668A4273D5}.Release|x86.Build.0 = Release|Any CPU
		{D6F05BAB-B3A6-4547-B036-01668A4273D5}.DEV_SDK|Any CPU.ActiveCfg = DEV_SDK|Any CPU
		{D6F05BAB-B3A6-4547-B036-01668A4273D5}.DEV_SDK|Any CPU.Build.0 = DEV_SDK|Any CPU
		{D6F05BAB-B3A6-4547-B036-01668A4273D5}.DEV_SDK|x64.ActiveCfg = DEV_SDK|Any CPU
		{D6F05BAB-B3A6-4547-B036-01668A4273D5}.DEV_SDK|x64.Build.0 = DEV_SDK|Any CPU
		{D6F05BAB-B3A6-4547-B036-01668A4273D5}.DEV_SDK|x86.ActiveCfg = DEV_SDK|Any CPU
		{D6F05BAB-B3A6-4547-B036-01668A4273D5}.DEV_SDK|x86.Build.0 = DEV_SDK|Any CPU
		{6149AB57-9083-4718-86D8-542F40A578F0}.Debug|Any CPU.ActiveCfg = Debug|Any CPU
		{6149AB57-9083-4718-86D8-542F40A578F0}.Debug|Any CPU.Build.0 = Debug|Any CPU
		{6149AB57-9083-4718-86D8-542F40A578F0}.Debug|x64.ActiveCfg = Debug|Any CPU
		{6149AB57-9083-4718-86D8-542F40A578F0}.Debug|x64.Build.0 = Debug|Any CPU
		{6149AB57-9083-4718-86D8-542F40A578F0}.Debug|x86.ActiveCfg = Debug|Any CPU
		{6149AB57-9083-4718-86D8-542F40A578F0}.Debug|x86.Build.0 = Debug|Any CPU
		{6149AB57-9083-4718-86D8-542F40A578F0}.Release|Any CPU.ActiveCfg = Release|Any CPU
		{6149AB57-9083-4718-86D8-542F40A578F0}.Release|Any CPU.Build.0 = Release|Any CPU
		{6149AB57-9083-4718-86D8-542F40A578F0}.Release|x64.ActiveCfg = Release|Any CPU
		{6149AB57-9083-4718-86D8-542F40A578F0}.Release|x64.Build.0 = Release|Any CPU
		{6149AB57-9083-4718-86D8-542F40A578F0}.Release|x86.ActiveCfg = Release|Any CPU
		{6149AB57-9083-4718-86D8-542F40A578F0}.Release|x86.Build.0 = Release|Any CPU
		{6149AB57-9083-4718-86D8-542F40A578F0}.DEV_SDK|Any CPU.ActiveCfg = DEV_SDK|Any CPU
		{6149AB57-9083-4718-86D8-542F40A578F0}.DEV_SDK|Any CPU.Build.0 = DEV_SDK|Any CPU
		{6149AB57-9083-4718-86D8-542F40A578F0}.DEV_SDK|x64.ActiveCfg = DEV_SDK|Any CPU
		{6149AB57-9083-4718-86D8-542F40A578F0}.DEV_SDK|x64.Build.0 = DEV_SDK|Any CPU
		{6149AB57-9083-4718-86D8-542F40A578F0}.DEV_SDK|x86.ActiveCfg = DEV_SDK|Any CPU
		{6149AB57-9083-4718-86D8-542F40A578F0}.DEV_SDK|x86.Build.0 = DEV_SDK|Any CPU
		{12AECF41-10E3-40C4-889D-D1B553C9A2AA}.Debug|Any CPU.ActiveCfg = Debug|Any CPU
		{12AECF41-10E3-40C4-889D-D1B553C9A2AA}.Debug|Any CPU.Build.0 = Debug|Any CPU
		{12AECF41-10E3-40C4-889D-D1B553C9A2AA}.Debug|x64.ActiveCfg = Debug|Any CPU
		{12AECF41-10E3-40C4-889D-D1B553C9A2AA}.Debug|x64.Build.0 = Debug|Any CPU
		{12AECF41-10E3-40C4-889D-D1B553C9A2AA}.Debug|x86.ActiveCfg = Debug|Any CPU
		{12AECF41-10E3-40C4-889D-D1B553C9A2AA}.Debug|x86.Build.0 = Debug|Any CPU
		{12AECF41-10E3-40C4-889D-D1B553C9A2AA}.Release|Any CPU.ActiveCfg = Release|Any CPU
		{12AECF41-10E3-40C4-889D-D1B553C9A2AA}.Release|Any CPU.Build.0 = Release|Any CPU
		{12AECF41-10E3-40C4-889D-D1B553C9A2AA}.Release|x64.ActiveCfg = Release|Any CPU
		{12AECF41-10E3-40C4-889D-D1B553C9A2AA}.Release|x64.Build.0 = Release|Any CPU
		{12AECF41-10E3-40C4-889D-D1B553C9A2AA}.Release|x86.ActiveCfg = Release|Any CPU
		{12AECF41-10E3-40C4-889D-D1B553C9A2AA}.Release|x86.Build.0 = Release|Any CPU
		{12AECF41-10E3-40C4-889D-D1B553C9A2AA}.DEV_SDK|Any CPU.ActiveCfg = DEV_SDK|Any CPU
		{12AECF41-10E3-40C4-889D-D1B553C9A2AA}.DEV_SDK|Any CPU.Build.0 = DEV_SDK|Any CPU
		{12AECF41-10E3-40C4-889D-D1B553C9A2AA}.DEV_SDK|x64.ActiveCfg = DEV_SDK|Any CPU
		{12AECF41-10E3-40C4-889D-D1B553C9A2AA}.DEV_SDK|x64.Build.0 = DEV_SDK|Any CPU
		{12AECF41-10E3-40C4-889D-D1B553C9A2AA}.DEV_SDK|x86.ActiveCfg = DEV_SDK|Any CPU
		{12AECF41-10E3-40C4-889D-D1B553C9A2AA}.DEV_SDK|x86.Build.0 = DEV_SDK|Any CPU
		{FA6A8C77-5E20-472F-8CA2-12065A613AF2}.Debug|Any CPU.ActiveCfg = Debug|Any CPU
		{FA6A8C77-5E20-472F-8CA2-12065A613AF2}.Debug|Any CPU.Build.0 = Debug|Any CPU
		{FA6A8C77-5E20-472F-8CA2-12065A613AF2}.Debug|x64.ActiveCfg = Debug|Any CPU
		{FA6A8C77-5E20-472F-8CA2-12065A613AF2}.Debug|x64.Build.0 = Debug|Any CPU
		{FA6A8C77-5E20-472F-8CA2-12065A613AF2}.Debug|x86.ActiveCfg = Debug|Any CPU
		{FA6A8C77-5E20-472F-8CA2-12065A613AF2}.Debug|x86.Build.0 = Debug|Any CPU
		{FA6A8C77-5E20-472F-8CA2-12065A613AF2}.Release|Any CPU.ActiveCfg = Release|Any CPU
		{FA6A8C77-5E20-472F-8CA2-12065A613AF2}.Release|Any CPU.Build.0 = Release|Any CPU
		{FA6A8C77-5E20-472F-8CA2-12065A613AF2}.Release|x64.ActiveCfg = Release|Any CPU
		{FA6A8C77-5E20-472F-8CA2-12065A613AF2}.Release|x64.Build.0 = Release|Any CPU
		{FA6A8C77-5E20-472F-8CA2-12065A613AF2}.Release|x86.ActiveCfg = Release|Any CPU
		{FA6A8C77-5E20-472F-8CA2-12065A613AF2}.Release|x86.Build.0 = Release|Any CPU
		{FA6A8C77-5E20-472F-8CA2-12065A613AF2}.DEV_SDK|Any CPU.ActiveCfg = DEV_SDK|Any CPU
		{FA6A8C77-5E20-472F-8CA2-12065A613AF2}.DEV_SDK|Any CPU.Build.0 = DEV_SDK|Any CPU
		{FA6A8C77-5E20-472F-8CA2-12065A613AF2}.DEV_SDK|x64.ActiveCfg = DEV_SDK|Any CPU
		{FA6A8C77-5E20-472F-8CA2-12065A613AF2}.DEV_SDK|x64.Build.0 = DEV_SDK|Any CPU
		{FA6A8C77-5E20-472F-8CA2-12065A613AF2}.DEV_SDK|x86.ActiveCfg = DEV_SDK|Any CPU
		{FA6A8C77-5E20-472F-8CA2-12065A613AF2}.DEV_SDK|x86.Build.0 = DEV_SDK|Any CPU
		{18C40CBA-20A3-47B5-8214-52318E9D4D0B}.Debug|Any CPU.ActiveCfg = Debug|Any CPU
		{18C40CBA-20A3-47B5-8214-52318E9D4D0B}.Debug|Any CPU.Build.0 = Debug|Any CPU
		{18C40CBA-20A3-47B5-8214-52318E9D4D0B}.Debug|x64.ActiveCfg = Debug|Any CPU
		{18C40CBA-20A3-47B5-8214-52318E9D4D0B}.Debug|x64.Build.0 = Debug|Any CPU
		{18C40CBA-20A3-47B5-8214-52318E9D4D0B}.Debug|x86.ActiveCfg = Debug|Any CPU
		{18C40CBA-20A3-47B5-8214-52318E9D4D0B}.Debug|x86.Build.0 = Debug|Any CPU
		{18C40CBA-20A3-47B5-8214-52318E9D4D0B}.Release|Any CPU.ActiveCfg = Release|Any CPU
		{18C40CBA-20A3-47B5-8214-52318E9D4D0B}.Release|Any CPU.Build.0 = Release|Any CPU
		{18C40CBA-20A3-47B5-8214-52318E9D4D0B}.Release|x64.ActiveCfg = Release|Any CPU
		{18C40CBA-20A3-47B5-8214-52318E9D4D0B}.Release|x64.Build.0 = Release|Any CPU
		{18C40CBA-20A3-47B5-8214-52318E9D4D0B}.Release|x86.ActiveCfg = Release|Any CPU
		{18C40CBA-20A3-47B5-8214-52318E9D4D0B}.Release|x86.Build.0 = Release|Any CPU
		{18C40CBA-20A3-47B5-8214-52318E9D4D0B}.DEV_SDK|Any CPU.ActiveCfg = DEV_SDK|Any CPU
		{18C40CBA-20A3-47B5-8214-52318E9D4D0B}.DEV_SDK|Any CPU.Build.0 = DEV_SDK|Any CPU
		{18C40CBA-20A3-47B5-8214-52318E9D4D0B}.DEV_SDK|x64.ActiveCfg = DEV_SDK|Any CPU
		{18C40CBA-20A3-47B5-8214-52318E9D4D0B}.DEV_SDK|x64.Build.0 = DEV_SDK|Any CPU
		{18C40CBA-20A3-47B5-8214-52318E9D4D0B}.DEV_SDK|x86.ActiveCfg = DEV_SDK|Any CPU
		{18C40CBA-20A3-47B5-8214-52318E9D4D0B}.DEV_SDK|x86.Build.0 = DEV_SDK|Any CPU
		{39BA2B93-726A-4692-B441-70B6BA3B06B8}.Debug|Any CPU.ActiveCfg = Debug|Any CPU
		{39BA2B93-726A-4692-B441-70B6BA3B06B8}.Debug|Any CPU.Build.0 = Debug|Any CPU
		{39BA2B93-726A-4692-B441-70B6BA3B06B8}.Debug|x64.ActiveCfg = Debug|Any CPU
		{39BA2B93-726A-4692-B441-70B6BA3B06B8}.Debug|x64.Build.0 = Debug|Any CPU
		{39BA2B93-726A-4692-B441-70B6BA3B06B8}.Debug|x86.ActiveCfg = Debug|Any CPU
		{39BA2B93-726A-4692-B441-70B6BA3B06B8}.Debug|x86.Build.0 = Debug|Any CPU
		{39BA2B93-726A-4692-B441-70B6BA3B06B8}.Release|Any CPU.ActiveCfg = Release|Any CPU
		{39BA2B93-726A-4692-B441-70B6BA3B06B8}.Release|Any CPU.Build.0 = Release|Any CPU
		{39BA2B93-726A-4692-B441-70B6BA3B06B8}.Release|x64.ActiveCfg = Release|Any CPU
		{39BA2B93-726A-4692-B441-70B6BA3B06B8}.Release|x64.Build.0 = Release|Any CPU
		{39BA2B93-726A-4692-B441-70B6BA3B06B8}.Release|x86.ActiveCfg = Release|Any CPU
		{39BA2B93-726A-4692-B441-70B6BA3B06B8}.Release|x86.Build.0 = Release|Any CPU
		{39BA2B93-726A-4692-B441-70B6BA3B06B8}.DEV_SDK|Any CPU.ActiveCfg = DEV_SDK|Any CPU
		{39BA2B93-726A-4692-B441-70B6BA3B06B8}.DEV_SDK|Any CPU.Build.0 = DEV_SDK|Any CPU
		{39BA2B93-726A-4692-B441-70B6BA3B06B8}.DEV_SDK|x64.ActiveCfg = DEV_SDK|Any CPU
		{39BA2B93-726A-4692-B441-70B6BA3B06B8}.DEV_SDK|x64.Build.0 = DEV_SDK|Any CPU
		{39BA2B93-726A-4692-B441-70B6BA3B06B8}.DEV_SDK|x86.ActiveCfg = DEV_SDK|Any CPU
		{39BA2B93-726A-4692-B441-70B6BA3B06B8}.DEV_SDK|x86.Build.0 = DEV_SDK|Any CPU
		{F331D89C-CE43-44F7-BF55-B1ABE629CE54}.Debug|Any CPU.ActiveCfg = Debug|Any CPU
		{F331D89C-CE43-44F7-BF55-B1ABE629CE54}.Debug|Any CPU.Build.0 = Debug|Any CPU
		{F331D89C-CE43-44F7-BF55-B1ABE629CE54}.Debug|x64.ActiveCfg = Debug|Any CPU
		{F331D89C-CE43-44F7-BF55-B1ABE629CE54}.Debug|x64.Build.0 = Debug|Any CPU
		{F331D89C-CE43-44F7-BF55-B1ABE629CE54}.Debug|x86.ActiveCfg = Debug|Any CPU
		{F331D89C-CE43-44F7-BF55-B1ABE629CE54}.Debug|x86.Build.0 = Debug|Any CPU
		{F331D89C-CE43-44F7-BF55-B1ABE629CE54}.Release|Any CPU.ActiveCfg = Release|Any CPU
		{F331D89C-CE43-44F7-BF55-B1ABE629CE54}.Release|Any CPU.Build.0 = Release|Any CPU
		{F331D89C-CE43-44F7-BF55-B1ABE629CE54}.Release|x64.ActiveCfg = Release|Any CPU
		{F331D89C-CE43-44F7-BF55-B1ABE629CE54}.Release|x64.Build.0 = Release|Any CPU
		{F331D89C-CE43-44F7-BF55-B1ABE629CE54}.Release|x86.ActiveCfg = Release|Any CPU
		{F331D89C-CE43-44F7-BF55-B1ABE629CE54}.Release|x86.Build.0 = Release|Any CPU
		{F331D89C-CE43-44F7-BF55-B1ABE629CE54}.DEV_SDK|Any CPU.ActiveCfg = DEV_SDK|Any CPU
		{F331D89C-CE43-44F7-BF55-B1ABE629CE54}.DEV_SDK|Any CPU.Build.0 = DEV_SDK|Any CPU
		{F331D89C-CE43-44F7-BF55-B1ABE629CE54}.DEV_SDK|x64.ActiveCfg = DEV_SDK|Any CPU
		{F331D89C-CE43-44F7-BF55-B1ABE629CE54}.DEV_SDK|x64.Build.0 = DEV_SDK|Any CPU
		{F331D89C-CE43-44F7-BF55-B1ABE629CE54}.DEV_SDK|x86.ActiveCfg = DEV_SDK|Any CPU
		{F331D89C-CE43-44F7-BF55-B1ABE629CE54}.DEV_SDK|x86.Build.0 = DEV_SDK|Any CPU
		{69584749-7591-4952-9F78-2EF05C66164B}.Debug|Any CPU.ActiveCfg = Debug|Any CPU
		{69584749-7591-4952-9F78-2EF05C66164B}.Debug|Any CPU.Build.0 = Debug|Any CPU
		{69584749-7591-4952-9F78-2EF05C66164B}.Debug|x64.ActiveCfg = Debug|Any CPU
		{69584749-7591-4952-9F78-2EF05C66164B}.Debug|x64.Build.0 = Debug|Any CPU
		{69584749-7591-4952-9F78-2EF05C66164B}.Debug|x86.ActiveCfg = Debug|Any CPU
		{69584749-7591-4952-9F78-2EF05C66164B}.Debug|x86.Build.0 = Debug|Any CPU
		{69584749-7591-4952-9F78-2EF05C66164B}.Release|Any CPU.ActiveCfg = Release|Any CPU
		{69584749-7591-4952-9F78-2EF05C66164B}.Release|Any CPU.Build.0 = Release|Any CPU
		{69584749-7591-4952-9F78-2EF05C66164B}.Release|x64.ActiveCfg = Release|Any CPU
		{69584749-7591-4952-9F78-2EF05C66164B}.Release|x64.Build.0 = Release|Any CPU
		{69584749-7591-4952-9F78-2EF05C66164B}.Release|x86.ActiveCfg = Release|Any CPU
		{69584749-7591-4952-9F78-2EF05C66164B}.Release|x86.Build.0 = Release|Any CPU
		{69584749-7591-4952-9F78-2EF05C66164B}.DEV_SDK|Any CPU.ActiveCfg = DEV_SDK|Any CPU
		{69584749-7591-4952-9F78-2EF05C66164B}.DEV_SDK|Any CPU.Build.0 = DEV_SDK|Any CPU
		{69584749-7591-4952-9F78-2EF05C66164B}.DEV_SDK|x64.ActiveCfg = DEV_SDK|Any CPU
		{69584749-7591-4952-9F78-2EF05C66164B}.DEV_SDK|x64.Build.0 = DEV_SDK|Any CPU
		{69584749-7591-4952-9F78-2EF05C66164B}.DEV_SDK|x86.ActiveCfg = DEV_SDK|Any CPU
		{69584749-7591-4952-9F78-2EF05C66164B}.DEV_SDK|x86.Build.0 = DEV_SDK|Any CPU
		{1AB2E000-A523-4802-90C8-68974D2AA2B0}.Debug|Any CPU.ActiveCfg = Debug|Any CPU
		{1AB2E000-A523-4802-90C8-68974D2AA2B0}.Debug|Any CPU.Build.0 = Debug|Any CPU
		{1AB2E000-A523-4802-90C8-68974D2AA2B0}.Debug|x64.ActiveCfg = Debug|Any CPU
		{1AB2E000-A523-4802-90C8-68974D2AA2B0}.Debug|x64.Build.0 = Debug|Any CPU
		{1AB2E000-A523-4802-90C8-68974D2AA2B0}.Debug|x86.ActiveCfg = Debug|Any CPU
		{1AB2E000-A523-4802-90C8-68974D2AA2B0}.Debug|x86.Build.0 = Debug|Any CPU
		{1AB2E000-A523-4802-90C8-68974D2AA2B0}.Release|Any CPU.ActiveCfg = Release|Any CPU
		{1AB2E000-A523-4802-90C8-68974D2AA2B0}.Release|Any CPU.Build.0 = Release|Any CPU
		{1AB2E000-A523-4802-90C8-68974D2AA2B0}.Release|x64.ActiveCfg = Release|Any CPU
		{1AB2E000-A523-4802-90C8-68974D2AA2B0}.Release|x64.Build.0 = Release|Any CPU
		{1AB2E000-A523-4802-90C8-68974D2AA2B0}.Release|x86.ActiveCfg = Release|Any CPU
		{1AB2E000-A523-4802-90C8-68974D2AA2B0}.Release|x86.Build.0 = Release|Any CPU
		{1AB2E000-A523-4802-90C8-68974D2AA2B0}.DEV_SDK|Any CPU.ActiveCfg = Debug|Any CPU
		{1AB2E000-A523-4802-90C8-68974D2AA2B0}.DEV_SDK|Any CPU.Build.0 = Debug|Any CPU
		{1AB2E000-A523-4802-90C8-68974D2AA2B0}.DEV_SDK|x64.ActiveCfg = Debug|Any CPU
		{1AB2E000-A523-4802-90C8-68974D2AA2B0}.DEV_SDK|x64.Build.0 = Debug|Any CPU
		{1AB2E000-A523-4802-90C8-68974D2AA2B0}.DEV_SDK|x86.ActiveCfg = Debug|Any CPU
		{1AB2E000-A523-4802-90C8-68974D2AA2B0}.DEV_SDK|x86.Build.0 = Debug|Any CPU
		{FA7CA3DD-745E-4EB8-8356-C2D894390427}.Debug|Any CPU.ActiveCfg = Debug|Any CPU
		{FA7CA3DD-745E-4EB8-8356-C2D894390427}.Debug|Any CPU.Build.0 = Debug|Any CPU
		{FA7CA3DD-745E-4EB8-8356-C2D894390427}.Debug|x64.ActiveCfg = Debug|Any CPU
		{FA7CA3DD-745E-4EB8-8356-C2D894390427}.Debug|x64.Build.0 = Debug|Any CPU
		{FA7CA3DD-745E-4EB8-8356-C2D894390427}.Debug|x86.ActiveCfg = Debug|Any CPU
		{FA7CA3DD-745E-4EB8-8356-C2D894390427}.Debug|x86.Build.0 = Debug|Any CPU
		{FA7CA3DD-745E-4EB8-8356-C2D894390427}.Release|Any CPU.ActiveCfg = Release|Any CPU
		{FA7CA3DD-745E-4EB8-8356-C2D894390427}.Release|Any CPU.Build.0 = Release|Any CPU
		{FA7CA3DD-745E-4EB8-8356-C2D894390427}.Release|x64.ActiveCfg = Release|Any CPU
		{FA7CA3DD-745E-4EB8-8356-C2D894390427}.Release|x64.Build.0 = Release|Any CPU
		{FA7CA3DD-745E-4EB8-8356-C2D894390427}.Release|x86.ActiveCfg = Release|Any CPU
		{FA7CA3DD-745E-4EB8-8356-C2D894390427}.Release|x86.Build.0 = Release|Any CPU
		{FA7CA3DD-745E-4EB8-8356-C2D894390427}.DEV_SDK|Any CPU.ActiveCfg = Debug|Any CPU
		{FA7CA3DD-745E-4EB8-8356-C2D894390427}.DEV_SDK|Any CPU.Build.0 = Debug|Any CPU
		{FA7CA3DD-745E-4EB8-8356-C2D894390427}.DEV_SDK|x64.ActiveCfg = Debug|Any CPU
		{FA7CA3DD-745E-4EB8-8356-C2D894390427}.DEV_SDK|x64.Build.0 = Debug|Any CPU
		{FA7CA3DD-745E-4EB8-8356-C2D894390427}.DEV_SDK|x86.ActiveCfg = Debug|Any CPU
		{FA7CA3DD-745E-4EB8-8356-C2D894390427}.DEV_SDK|x86.Build.0 = Debug|Any CPU
		{1FB39CA5-8C55-418A-8321-6C8B0079DF62}.Debug|Any CPU.ActiveCfg = Debug|Any CPU
		{1FB39CA5-8C55-418A-8321-6C8B0079DF62}.Debug|Any CPU.Build.0 = Debug|Any CPU
		{1FB39CA5-8C55-418A-8321-6C8B0079DF62}.Debug|x64.ActiveCfg = Debug|Any CPU
		{1FB39CA5-8C55-418A-8321-6C8B0079DF62}.Debug|x64.Build.0 = Debug|Any CPU
		{1FB39CA5-8C55-418A-8321-6C8B0079DF62}.Debug|x86.ActiveCfg = Debug|Any CPU
		{1FB39CA5-8C55-418A-8321-6C8B0079DF62}.Debug|x86.Build.0 = Debug|Any CPU
		{1FB39CA5-8C55-418A-8321-6C8B0079DF62}.Release|Any CPU.ActiveCfg = Release|Any CPU
		{1FB39CA5-8C55-418A-8321-6C8B0079DF62}.Release|Any CPU.Build.0 = Release|Any CPU
		{1FB39CA5-8C55-418A-8321-6C8B0079DF62}.Release|x64.ActiveCfg = Release|Any CPU
		{1FB39CA5-8C55-418A-8321-6C8B0079DF62}.Release|x64.Build.0 = Release|Any CPU
		{1FB39CA5-8C55-418A-8321-6C8B0079DF62}.Release|x86.ActiveCfg = Release|Any CPU
		{1FB39CA5-8C55-418A-8321-6C8B0079DF62}.Release|x86.Build.0 = Release|Any CPU
		{1FB39CA5-8C55-418A-8321-6C8B0079DF62}.DEV_SDK|Any CPU.ActiveCfg = Debug|Any CPU
		{1FB39CA5-8C55-418A-8321-6C8B0079DF62}.DEV_SDK|Any CPU.Build.0 = Debug|Any CPU
		{1FB39CA5-8C55-418A-8321-6C8B0079DF62}.DEV_SDK|x64.ActiveCfg = Debug|Any CPU
		{1FB39CA5-8C55-418A-8321-6C8B0079DF62}.DEV_SDK|x64.Build.0 = Debug|Any CPU
		{1FB39CA5-8C55-418A-8321-6C8B0079DF62}.DEV_SDK|x86.ActiveCfg = Debug|Any CPU
		{1FB39CA5-8C55-418A-8321-6C8B0079DF62}.DEV_SDK|x86.Build.0 = Debug|Any CPU
		{EB1D5078-0194-4C38-9B5C-C7BC45935A06}.Debug|Any CPU.ActiveCfg = Debug|Any CPU
		{EB1D5078-0194-4C38-9B5C-C7BC45935A06}.Debug|Any CPU.Build.0 = Debug|Any CPU
		{EB1D5078-0194-4C38-9B5C-C7BC45935A06}.Debug|x64.ActiveCfg = Debug|Any CPU
		{EB1D5078-0194-4C38-9B5C-C7BC45935A06}.Debug|x64.Build.0 = Debug|Any CPU
		{EB1D5078-0194-4C38-9B5C-C7BC45935A06}.Debug|x86.ActiveCfg = Debug|Any CPU
		{EB1D5078-0194-4C38-9B5C-C7BC45935A06}.Debug|x86.Build.0 = Debug|Any CPU
		{EB1D5078-0194-4C38-9B5C-C7BC45935A06}.Release|Any CPU.ActiveCfg = Release|Any CPU
		{EB1D5078-0194-4C38-9B5C-C7BC45935A06}.Release|Any CPU.Build.0 = Release|Any CPU
		{EB1D5078-0194-4C38-9B5C-C7BC45935A06}.Release|x64.ActiveCfg = Release|Any CPU
		{EB1D5078-0194-4C38-9B5C-C7BC45935A06}.Release|x64.Build.0 = Release|Any CPU
		{EB1D5078-0194-4C38-9B5C-C7BC45935A06}.Release|x86.ActiveCfg = Release|Any CPU
		{EB1D5078-0194-4C38-9B5C-C7BC45935A06}.Release|x86.Build.0 = Release|Any CPU
		{EB1D5078-0194-4C38-9B5C-C7BC45935A06}.DEV_SDK|Any CPU.ActiveCfg = Debug|Any CPU
		{EB1D5078-0194-4C38-9B5C-C7BC45935A06}.DEV_SDK|Any CPU.Build.0 = Debug|Any CPU
		{EB1D5078-0194-4C38-9B5C-C7BC45935A06}.DEV_SDK|x64.ActiveCfg = Debug|Any CPU
		{EB1D5078-0194-4C38-9B5C-C7BC45935A06}.DEV_SDK|x64.Build.0 = Debug|Any CPU
		{EB1D5078-0194-4C38-9B5C-C7BC45935A06}.DEV_SDK|x86.ActiveCfg = Debug|Any CPU
		{EB1D5078-0194-4C38-9B5C-C7BC45935A06}.DEV_SDK|x86.Build.0 = Debug|Any CPU
		{4ED62FAF-A9FB-4574-B5A5-7C5AE8968367}.Debug|Any CPU.ActiveCfg = Debug|Any CPU
		{4ED62FAF-A9FB-4574-B5A5-7C5AE8968367}.Debug|Any CPU.Build.0 = Debug|Any CPU
		{4ED62FAF-A9FB-4574-B5A5-7C5AE8968367}.Debug|x64.ActiveCfg = Debug|Any CPU
		{4ED62FAF-A9FB-4574-B5A5-7C5AE8968367}.Debug|x64.Build.0 = Debug|Any CPU
		{4ED62FAF-A9FB-4574-B5A5-7C5AE8968367}.Debug|x86.ActiveCfg = Debug|Any CPU
		{4ED62FAF-A9FB-4574-B5A5-7C5AE8968367}.Debug|x86.Build.0 = Debug|Any CPU
		{4ED62FAF-A9FB-4574-B5A5-7C5AE8968367}.Release|Any CPU.ActiveCfg = Release|Any CPU
		{4ED62FAF-A9FB-4574-B5A5-7C5AE8968367}.Release|Any CPU.Build.0 = Release|Any CPU
		{4ED62FAF-A9FB-4574-B5A5-7C5AE8968367}.Release|x64.ActiveCfg = Release|Any CPU
		{4ED62FAF-A9FB-4574-B5A5-7C5AE8968367}.Release|x64.Build.0 = Release|Any CPU
		{4ED62FAF-A9FB-4574-B5A5-7C5AE8968367}.Release|x86.ActiveCfg = Release|Any CPU
		{4ED62FAF-A9FB-4574-B5A5-7C5AE8968367}.Release|x86.Build.0 = Release|Any CPU
		{4ED62FAF-A9FB-4574-B5A5-7C5AE8968367}.DEV_SDK|Any CPU.ActiveCfg = Debug|Any CPU
		{4ED62FAF-A9FB-4574-B5A5-7C5AE8968367}.DEV_SDK|Any CPU.Build.0 = Debug|Any CPU
		{4ED62FAF-A9FB-4574-B5A5-7C5AE8968367}.DEV_SDK|x64.ActiveCfg = Debug|Any CPU
		{4ED62FAF-A9FB-4574-B5A5-7C5AE8968367}.DEV_SDK|x64.Build.0 = Debug|Any CPU
		{4ED62FAF-A9FB-4574-B5A5-7C5AE8968367}.DEV_SDK|x86.ActiveCfg = Debug|Any CPU
		{4ED62FAF-A9FB-4574-B5A5-7C5AE8968367}.DEV_SDK|x86.Build.0 = Debug|Any CPU
		{A3D11F24-ACE5-437D-8847-974231F3148F}.Debug|Any CPU.ActiveCfg = Debug|Any CPU
		{A3D11F24-ACE5-437D-8847-974231F3148F}.Debug|Any CPU.Build.0 = Debug|Any CPU
		{A3D11F24-ACE5-437D-8847-974231F3148F}.Debug|x64.ActiveCfg = Debug|Any CPU
		{A3D11F24-ACE5-437D-8847-974231F3148F}.Debug|x64.Build.0 = Debug|Any CPU
		{A3D11F24-ACE5-437D-8847-974231F3148F}.Debug|x86.ActiveCfg = Debug|Any CPU
		{A3D11F24-ACE5-437D-8847-974231F3148F}.Debug|x86.Build.0 = Debug|Any CPU
		{A3D11F24-ACE5-437D-8847-974231F3148F}.Release|Any CPU.ActiveCfg = Release|Any CPU
		{A3D11F24-ACE5-437D-8847-974231F3148F}.Release|Any CPU.Build.0 = Release|Any CPU
		{A3D11F24-ACE5-437D-8847-974231F3148F}.Release|x64.ActiveCfg = Release|Any CPU
		{A3D11F24-ACE5-437D-8847-974231F3148F}.Release|x64.Build.0 = Release|Any CPU
		{A3D11F24-ACE5-437D-8847-974231F3148F}.Release|x86.ActiveCfg = Release|Any CPU
		{A3D11F24-ACE5-437D-8847-974231F3148F}.Release|x86.Build.0 = Release|Any CPU
		{A3D11F24-ACE5-437D-8847-974231F3148F}.DEV_SDK|Any CPU.ActiveCfg = Debug|Any CPU
		{A3D11F24-ACE5-437D-8847-974231F3148F}.DEV_SDK|Any CPU.Build.0 = Debug|Any CPU
		{A3D11F24-ACE5-437D-8847-974231F3148F}.DEV_SDK|x64.ActiveCfg = Debug|Any CPU
		{A3D11F24-ACE5-437D-8847-974231F3148F}.DEV_SDK|x64.Build.0 = Debug|Any CPU
		{A3D11F24-ACE5-437D-8847-974231F3148F}.DEV_SDK|x86.ActiveCfg = Debug|Any CPU
		{A3D11F24-ACE5-437D-8847-974231F3148F}.DEV_SDK|x86.Build.0 = Debug|Any CPU
		{DFF4D8AF-287D-4884-B488-1AB047170B0D}.Debug|Any CPU.ActiveCfg = Debug|Any CPU
		{DFF4D8AF-287D-4884-B488-1AB047170B0D}.Debug|Any CPU.Build.0 = Debug|Any CPU
		{DFF4D8AF-287D-4884-B488-1AB047170B0D}.Debug|x64.ActiveCfg = Debug|Any CPU
		{DFF4D8AF-287D-4884-B488-1AB047170B0D}.Debug|x64.Build.0 = Debug|Any CPU
		{DFF4D8AF-287D-4884-B488-1AB047170B0D}.Debug|x86.ActiveCfg = Debug|Any CPU
		{DFF4D8AF-287D-4884-B488-1AB047170B0D}.Debug|x86.Build.0 = Debug|Any CPU
		{DFF4D8AF-287D-4884-B488-1AB047170B0D}.Release|Any CPU.ActiveCfg = Release|Any CPU
		{DFF4D8AF-287D-4884-B488-1AB047170B0D}.Release|Any CPU.Build.0 = Release|Any CPU
		{DFF4D8AF-287D-4884-B488-1AB047170B0D}.Release|x64.ActiveCfg = Release|Any CPU
		{DFF4D8AF-287D-4884-B488-1AB047170B0D}.Release|x64.Build.0 = Release|Any CPU
		{DFF4D8AF-287D-4884-B488-1AB047170B0D}.Release|x86.ActiveCfg = Release|Any CPU
		{DFF4D8AF-287D-4884-B488-1AB047170B0D}.Release|x86.Build.0 = Release|Any CPU
		{DFF4D8AF-287D-4884-B488-1AB047170B0D}.DEV_SDK|Any CPU.ActiveCfg = Debug|Any CPU
		{DFF4D8AF-287D-4884-B488-1AB047170B0D}.DEV_SDK|Any CPU.Build.0 = Debug|Any CPU
		{DFF4D8AF-287D-4884-B488-1AB047170B0D}.DEV_SDK|x64.ActiveCfg = Debug|Any CPU
		{DFF4D8AF-287D-4884-B488-1AB047170B0D}.DEV_SDK|x64.Build.0 = Debug|Any CPU
		{DFF4D8AF-287D-4884-B488-1AB047170B0D}.DEV_SDK|x86.ActiveCfg = Debug|Any CPU
		{DFF4D8AF-287D-4884-B488-1AB047170B0D}.DEV_SDK|x86.Build.0 = Debug|Any CPU
		{FAE72399-DA6D-46CA-BE07-F2BDAEA5EFD9}.Debug|Any CPU.ActiveCfg = Debug|Any CPU
		{FAE72399-DA6D-46CA-BE07-F2BDAEA5EFD9}.Debug|Any CPU.Build.0 = Debug|Any CPU
		{FAE72399-DA6D-46CA-BE07-F2BDAEA5EFD9}.Debug|x64.ActiveCfg = Debug|Any CPU
		{FAE72399-DA6D-46CA-BE07-F2BDAEA5EFD9}.Debug|x64.Build.0 = Debug|Any CPU
		{FAE72399-DA6D-46CA-BE07-F2BDAEA5EFD9}.Debug|x86.ActiveCfg = Debug|Any CPU
		{FAE72399-DA6D-46CA-BE07-F2BDAEA5EFD9}.Debug|x86.Build.0 = Debug|Any CPU
		{FAE72399-DA6D-46CA-BE07-F2BDAEA5EFD9}.Release|Any CPU.ActiveCfg = Release|Any CPU
		{FAE72399-DA6D-46CA-BE07-F2BDAEA5EFD9}.Release|Any CPU.Build.0 = Release|Any CPU
		{FAE72399-DA6D-46CA-BE07-F2BDAEA5EFD9}.Release|x64.ActiveCfg = Release|Any CPU
		{FAE72399-DA6D-46CA-BE07-F2BDAEA5EFD9}.Release|x64.Build.0 = Release|Any CPU
		{FAE72399-DA6D-46CA-BE07-F2BDAEA5EFD9}.Release|x86.ActiveCfg = Release|Any CPU
		{FAE72399-DA6D-46CA-BE07-F2BDAEA5EFD9}.Release|x86.Build.0 = Release|Any CPU
		{FAE72399-DA6D-46CA-BE07-F2BDAEA5EFD9}.DEV_SDK|Any CPU.ActiveCfg = Debug|Any CPU
		{FAE72399-DA6D-46CA-BE07-F2BDAEA5EFD9}.DEV_SDK|Any CPU.Build.0 = Debug|Any CPU
		{FAE72399-DA6D-46CA-BE07-F2BDAEA5EFD9}.DEV_SDK|x64.ActiveCfg = Debug|Any CPU
		{FAE72399-DA6D-46CA-BE07-F2BDAEA5EFD9}.DEV_SDK|x64.Build.0 = Debug|Any CPU
		{FAE72399-DA6D-46CA-BE07-F2BDAEA5EFD9}.DEV_SDK|x86.ActiveCfg = Debug|Any CPU
		{FAE72399-DA6D-46CA-BE07-F2BDAEA5EFD9}.DEV_SDK|x86.Build.0 = Debug|Any CPU
		{24D6EC25-8355-4813-9C1D-25DE300EE0EB}.Debug|Any CPU.ActiveCfg = Debug|Any CPU
		{24D6EC25-8355-4813-9C1D-25DE300EE0EB}.Debug|Any CPU.Build.0 = Debug|Any CPU
		{24D6EC25-8355-4813-9C1D-25DE300EE0EB}.Debug|x64.ActiveCfg = Debug|Any CPU
		{24D6EC25-8355-4813-9C1D-25DE300EE0EB}.Debug|x64.Build.0 = Debug|Any CPU
		{24D6EC25-8355-4813-9C1D-25DE300EE0EB}.Debug|x86.ActiveCfg = Debug|Any CPU
		{24D6EC25-8355-4813-9C1D-25DE300EE0EB}.Debug|x86.Build.0 = Debug|Any CPU
		{24D6EC25-8355-4813-9C1D-25DE300EE0EB}.Release|Any CPU.ActiveCfg = Release|Any CPU
		{24D6EC25-8355-4813-9C1D-25DE300EE0EB}.Release|Any CPU.Build.0 = Release|Any CPU
		{24D6EC25-8355-4813-9C1D-25DE300EE0EB}.Release|x64.ActiveCfg = Release|Any CPU
		{24D6EC25-8355-4813-9C1D-25DE300EE0EB}.Release|x64.Build.0 = Release|Any CPU
		{24D6EC25-8355-4813-9C1D-25DE300EE0EB}.Release|x86.ActiveCfg = Release|Any CPU
		{24D6EC25-8355-4813-9C1D-25DE300EE0EB}.Release|x86.Build.0 = Release|Any CPU
		{24D6EC25-8355-4813-9C1D-25DE300EE0EB}.DEV_SDK|Any CPU.ActiveCfg = Debug|Any CPU
		{24D6EC25-8355-4813-9C1D-25DE300EE0EB}.DEV_SDK|Any CPU.Build.0 = Debug|Any CPU
		{24D6EC25-8355-4813-9C1D-25DE300EE0EB}.DEV_SDK|x64.ActiveCfg = Debug|Any CPU
		{24D6EC25-8355-4813-9C1D-25DE300EE0EB}.DEV_SDK|x64.Build.0 = Debug|Any CPU
		{24D6EC25-8355-4813-9C1D-25DE300EE0EB}.DEV_SDK|x86.ActiveCfg = Debug|Any CPU
		{24D6EC25-8355-4813-9C1D-25DE300EE0EB}.DEV_SDK|x86.Build.0 = Debug|Any CPU
		{A7B8C9D0-E1F2-3456-7890-ABCDEF012345}.Debug|Any CPU.ActiveCfg = Debug|Any CPU
		{A7B8C9D0-E1F2-3456-7890-ABCDEF012345}.Debug|Any CPU.Build.0 = Debug|Any CPU
		{A7B8C9D0-E1F2-3456-7890-ABCDEF012345}.Debug|x64.ActiveCfg = Debug|Any CPU
		{A7B8C9D0-E1F2-3456-7890-ABCDEF012345}.Debug|x64.Build.0 = Debug|Any CPU
		{A7B8C9D0-E1F2-3456-7890-ABCDEF012345}.Debug|x86.ActiveCfg = Debug|Any CPU
		{A7B8C9D0-E1F2-3456-7890-ABCDEF012345}.Debug|x86.Build.0 = Debug|Any CPU
		{A7B8C9D0-E1F2-3456-7890-ABCDEF012345}.Release|Any CPU.ActiveCfg = Release|Any CPU
		{A7B8C9D0-E1F2-3456-7890-ABCDEF012345}.Release|Any CPU.Build.0 = Release|Any CPU
		{A7B8C9D0-E1F2-3456-7890-ABCDEF012345}.Release|x64.ActiveCfg = Release|Any CPU
		{A7B8C9D0-E1F2-3456-7890-ABCDEF012345}.Release|x64.Build.0 = Release|Any CPU
		{A7B8C9D0-E1F2-3456-7890-ABCDEF012345}.Release|x86.ActiveCfg = Release|Any CPU
		{A7B8C9D0-E1F2-3456-7890-ABCDEF012345}.Release|x86.Build.0 = Release|Any CPU
		{A7B8C9D0-E1F2-3456-7890-ABCDEF012345}.DEV_SDK|Any CPU.ActiveCfg = Debug|Any CPU
		{A7B8C9D0-E1F2-3456-7890-ABCDEF012345}.DEV_SDK|Any CPU.Build.0 = Debug|Any CPU
		{A7B8C9D0-E1F2-3456-7890-ABCDEF012345}.DEV_SDK|x64.ActiveCfg = Debug|Any CPU
		{A7B8C9D0-E1F2-3456-7890-ABCDEF012345}.DEV_SDK|x64.Build.0 = Debug|Any CPU
		{A7B8C9D0-E1F2-3456-7890-ABCDEF012345}.DEV_SDK|x86.ActiveCfg = Debug|Any CPU
		{A7B8C9D0-E1F2-3456-7890-ABCDEF012345}.DEV_SDK|x86.Build.0 = Debug|Any CPU
		{B8C9D0E1-F2A3-4567-8901-BCDEF0123456}.Debug|Any CPU.ActiveCfg = Debug|Any CPU
		{B8C9D0E1-F2A3-4567-8901-BCDEF0123456}.Debug|Any CPU.Build.0 = Debug|Any CPU
		{B8C9D0E1-F2A3-4567-8901-BCDEF0123456}.Debug|x64.ActiveCfg = Debug|Any CPU
		{B8C9D0E1-F2A3-4567-8901-BCDEF0123456}.Debug|x64.Build.0 = Debug|Any CPU
		{B8C9D0E1-F2A3-4567-8901-BCDEF0123456}.Debug|x86.ActiveCfg = Debug|Any CPU
		{B8C9D0E1-F2A3-4567-8901-BCDEF0123456}.Debug|x86.Build.0 = Debug|Any CPU
		{B8C9D0E1-F2A3-4567-8901-BCDEF0123456}.Release|Any CPU.ActiveCfg = Release|Any CPU
		{B8C9D0E1-F2A3-4567-8901-BCDEF0123456}.Release|Any CPU.Build.0 = Release|Any CPU
		{B8C9D0E1-F2A3-4567-8901-BCDEF0123456}.Release|x64.ActiveCfg = Release|Any CPU
		{B8C9D0E1-F2A3-4567-8901-BCDEF0123456}.Release|x64.Build.0 = Release|Any CPU
		{B8C9D0E1-F2A3-4567-8901-BCDEF0123456}.Release|x86.ActiveCfg = Release|Any CPU
		{B8C9D0E1-F2A3-4567-8901-BCDEF0123456}.Release|x86.Build.0 = Release|Any CPU
		{B8C9D0E1-F2A3-4567-8901-BCDEF0123456}.DEV_SDK|Any CPU.ActiveCfg = Debug|Any CPU
		{B8C9D0E1-F2A3-4567-8901-BCDEF0123456}.DEV_SDK|Any CPU.Build.0 = Debug|Any CPU
		{B8C9D0E1-F2A3-4567-8901-BCDEF0123456}.DEV_SDK|x64.ActiveCfg = Debug|Any CPU
		{B8C9D0E1-F2A3-4567-8901-BCDEF0123456}.DEV_SDK|x64.Build.0 = Debug|Any CPU
		{B8C9D0E1-F2A3-4567-8901-BCDEF0123456}.DEV_SDK|x86.ActiveCfg = Debug|Any CPU
		{B8C9D0E1-F2A3-4567-8901-BCDEF0123456}.DEV_SDK|x86.Build.0 = Debug|Any CPU
		{CF1B7D86-A208-434A-AFA2-2EBD7DC011D5}.Debug|Any CPU.ActiveCfg = Debug|Any CPU
		{CF1B7D86-A208-434A-AFA2-2EBD7DC011D5}.Debug|Any CPU.Build.0 = Debug|Any CPU
		{CF1B7D86-A208-434A-AFA2-2EBD7DC011D5}.Debug|x64.ActiveCfg = Debug|Any CPU
		{CF1B7D86-A208-434A-AFA2-2EBD7DC011D5}.Debug|x64.Build.0 = Debug|Any CPU
		{CF1B7D86-A208-434A-AFA2-2EBD7DC011D5}.Debug|x86.ActiveCfg = Debug|Any CPU
		{CF1B7D86-A208-434A-AFA2-2EBD7DC011D5}.Debug|x86.Build.0 = Debug|Any CPU
		{CF1B7D86-A208-434A-AFA2-2EBD7DC011D5}.Release|Any CPU.ActiveCfg = Release|Any CPU
		{CF1B7D86-A208-434A-AFA2-2EBD7DC011D5}.Release|Any CPU.Build.0 = Release|Any CPU
		{CF1B7D86-A208-434A-AFA2-2EBD7DC011D5}.Release|x64.ActiveCfg = Release|Any CPU
		{CF1B7D86-A208-434A-AFA2-2EBD7DC011D5}.Release|x64.Build.0 = Release|Any CPU
		{CF1B7D86-A208-434A-AFA2-2EBD7DC011D5}.Release|x86.ActiveCfg = Release|Any CPU
		{CF1B7D86-A208-434A-AFA2-2EBD7DC011D5}.Release|x86.Build.0 = Release|Any CPU
		{CF1B7D86-A208-434A-AFA2-2EBD7DC011D5}.DEV_SDK|Any CPU.ActiveCfg = Debug|Any CPU
		{CF1B7D86-A208-434A-AFA2-2EBD7DC011D5}.DEV_SDK|Any CPU.Build.0 = Debug|Any CPU
		{CF1B7D86-A208-434A-AFA2-2EBD7DC011D5}.DEV_SDK|x64.ActiveCfg = Debug|Any CPU
		{CF1B7D86-A208-434A-AFA2-2EBD7DC011D5}.DEV_SDK|x64.Build.0 = Debug|Any CPU
		{CF1B7D86-A208-434A-AFA2-2EBD7DC011D5}.DEV_SDK|x86.ActiveCfg = Debug|Any CPU
		{CF1B7D86-A208-434A-AFA2-2EBD7DC011D5}.DEV_SDK|x86.Build.0 = Debug|Any CPU
		{91BA05BE-F236-4C5E-A528-17C9036F141C}.Debug|Any CPU.ActiveCfg = Debug|Any CPU
		{91BA05BE-F236-4C5E-A528-17C9036F141C}.Debug|Any CPU.Build.0 = Debug|Any CPU
		{91BA05BE-F236-4C5E-A528-17C9036F141C}.Debug|x64.ActiveCfg = Debug|Any CPU
		{91BA05BE-F236-4C5E-A528-17C9036F141C}.Debug|x64.Build.0 = Debug|Any CPU
		{91BA05BE-F236-4C5E-A528-17C9036F141C}.Debug|x86.ActiveCfg = Debug|Any CPU
		{91BA05BE-F236-4C5E-A528-17C9036F141C}.Debug|x86.Build.0 = Debug|Any CPU
		{91BA05BE-F236-4C5E-A528-17C9036F141C}.Release|Any CPU.ActiveCfg = Release|Any CPU
		{91BA05BE-F236-4C5E-A528-17C9036F141C}.Release|Any CPU.Build.0 = Release|Any CPU
		{91BA05BE-F236-4C5E-A528-17C9036F141C}.Release|x64.ActiveCfg = Release|Any CPU
		{91BA05BE-F236-4C5E-A528-17C9036F141C}.Release|x64.Build.0 = Release|Any CPU
		{91BA05BE-F236-4C5E-A528-17C9036F141C}.Release|x86.ActiveCfg = Release|Any CPU
		{91BA05BE-F236-4C5E-A528-17C9036F141C}.Release|x86.Build.0 = Release|Any CPU
		{91BA05BE-F236-4C5E-A528-17C9036F141C}.DEV_SDK|Any CPU.ActiveCfg = Debug|Any CPU
		{91BA05BE-F236-4C5E-A528-17C9036F141C}.DEV_SDK|Any CPU.Build.0 = Debug|Any CPU
		{91BA05BE-F236-4C5E-A528-17C9036F141C}.DEV_SDK|x64.ActiveCfg = Debug|Any CPU
		{91BA05BE-F236-4C5E-A528-17C9036F141C}.DEV_SDK|x64.Build.0 = Debug|Any CPU
		{91BA05BE-F236-4C5E-A528-17C9036F141C}.DEV_SDK|x86.ActiveCfg = Debug|Any CPU
		{91BA05BE-F236-4C5E-A528-17C9036F141C}.DEV_SDK|x86.Build.0 = Debug|Any CPU
		{D0163FB8-AE60-4B72-971B-27B1E8CBA7A6}.Debug|Any CPU.ActiveCfg = Debug|Any CPU
		{D0163FB8-AE60-4B72-971B-27B1E8CBA7A6}.Debug|Any CPU.Build.0 = Debug|Any CPU
		{D0163FB8-AE60-4B72-971B-27B1E8CBA7A6}.Debug|x64.ActiveCfg = Debug|Any CPU
		{D0163FB8-AE60-4B72-971B-27B1E8CBA7A6}.Debug|x64.Build.0 = Debug|Any CPU
		{D0163FB8-AE60-4B72-971B-27B1E8CBA7A6}.Debug|x86.ActiveCfg = Debug|Any CPU
		{D0163FB8-AE60-4B72-971B-27B1E8CBA7A6}.Debug|x86.Build.0 = Debug|Any CPU
		{D0163FB8-AE60-4B72-971B-27B1E8CBA7A6}.Release|Any CPU.ActiveCfg = Release|Any CPU
		{D0163FB8-AE60-4B72-971B-27B1E8CBA7A6}.Release|Any CPU.Build.0 = Release|Any CPU
		{D0163FB8-AE60-4B72-971B-27B1E8CBA7A6}.Release|x64.ActiveCfg = Release|Any CPU
		{D0163FB8-AE60-4B72-971B-27B1E8CBA7A6}.Release|x64.Build.0 = Release|Any CPU
		{D0163FB8-AE60-4B72-971B-27B1E8CBA7A6}.Release|x86.ActiveCfg = Release|Any CPU
		{D0163FB8-AE60-4B72-971B-27B1E8CBA7A6}.Release|x86.Build.0 = Release|Any CPU
		{D0163FB8-AE60-4B72-971B-27B1E8CBA7A6}.DEV_SDK|Any CPU.ActiveCfg = Debug|Any CPU
		{D0163FB8-AE60-4B72-971B-27B1E8CBA7A6}.DEV_SDK|Any CPU.Build.0 = Debug|Any CPU
		{D0163FB8-AE60-4B72-971B-27B1E8CBA7A6}.DEV_SDK|x64.ActiveCfg = Debug|Any CPU
		{D0163FB8-AE60-4B72-971B-27B1E8CBA7A6}.DEV_SDK|x64.Build.0 = Debug|Any CPU
		{D0163FB8-AE60-4B72-971B-27B1E8CBA7A6}.DEV_SDK|x86.ActiveCfg = Debug|Any CPU
		{D0163FB8-AE60-4B72-971B-27B1E8CBA7A6}.DEV_SDK|x86.Build.0 = Debug|Any CPU
		{137AF3E6-ABCE-4B17-9F5A-3FBD73948B47}.Debug|Any CPU.ActiveCfg = Debug|Any CPU
		{137AF3E6-ABCE-4B17-9F5A-3FBD73948B47}.Debug|Any CPU.Build.0 = Debug|Any CPU
		{137AF3E6-ABCE-4B17-9F5A-3FBD73948B47}.Debug|x64.ActiveCfg = Debug|Any CPU
		{137AF3E6-ABCE-4B17-9F5A-3FBD73948B47}.Debug|x64.Build.0 = Debug|Any CPU
		{137AF3E6-ABCE-4B17-9F5A-3FBD73948B47}.Debug|x86.ActiveCfg = Debug|Any CPU
		{137AF3E6-ABCE-4B17-9F5A-3FBD73948B47}.Debug|x86.Build.0 = Debug|Any CPU
		{137AF3E6-ABCE-4B17-9F5A-3FBD73948B47}.Release|Any CPU.ActiveCfg = Release|Any CPU
		{137AF3E6-ABCE-4B17-9F5A-3FBD73948B47}.Release|Any CPU.Build.0 = Release|Any CPU
		{137AF3E6-ABCE-4B17-9F5A-3FBD73948B47}.Release|x64.ActiveCfg = Release|Any CPU
		{137AF3E6-ABCE-4B17-9F5A-3FBD73948B47}.Release|x64.Build.0 = Release|Any CPU
		{137AF3E6-ABCE-4B17-9F5A-3FBD73948B47}.Release|x86.ActiveCfg = Release|Any CPU
		{137AF3E6-ABCE-4B17-9F5A-3FBD73948B47}.Release|x86.Build.0 = Release|Any CPU
		{137AF3E6-ABCE-4B17-9F5A-3FBD73948B47}.DEV_SDK|Any CPU.ActiveCfg = Debug|Any CPU
		{137AF3E6-ABCE-4B17-9F5A-3FBD73948B47}.DEV_SDK|Any CPU.Build.0 = Debug|Any CPU
		{137AF3E6-ABCE-4B17-9F5A-3FBD73948B47}.DEV_SDK|x64.ActiveCfg = Debug|Any CPU
		{137AF3E6-ABCE-4B17-9F5A-3FBD73948B47}.DEV_SDK|x64.Build.0 = Debug|Any CPU
		{137AF3E6-ABCE-4B17-9F5A-3FBD73948B47}.DEV_SDK|x86.ActiveCfg = Debug|Any CPU
		{137AF3E6-ABCE-4B17-9F5A-3FBD73948B47}.DEV_SDK|x86.Build.0 = Debug|Any CPU
		{2FE3606C-2002-476F-9C97-95EE490CC101}.Debug|Any CPU.ActiveCfg = Debug|Any CPU
		{2FE3606C-2002-476F-9C97-95EE490CC101}.Debug|Any CPU.Build.0 = Debug|Any CPU
		{2FE3606C-2002-476F-9C97-95EE490CC101}.Debug|x64.ActiveCfg = Debug|Any CPU
		{2FE3606C-2002-476F-9C97-95EE490CC101}.Debug|x64.Build.0 = Debug|Any CPU
		{2FE3606C-2002-476F-9C97-95EE490CC101}.Debug|x86.ActiveCfg = Debug|Any CPU
		{2FE3606C-2002-476F-9C97-95EE490CC101}.Debug|x86.Build.0 = Debug|Any CPU
		{2FE3606C-2002-476F-9C97-95EE490CC101}.Release|Any CPU.ActiveCfg = Release|Any CPU
		{2FE3606C-2002-476F-9C97-95EE490CC101}.Release|Any CPU.Build.0 = Release|Any CPU
		{2FE3606C-2002-476F-9C97-95EE490CC101}.Release|x64.ActiveCfg = Release|Any CPU
		{2FE3606C-2002-476F-9C97-95EE490CC101}.Release|x64.Build.0 = Release|Any CPU
		{2FE3606C-2002-476F-9C97-95EE490CC101}.Release|x86.ActiveCfg = Release|Any CPU
		{2FE3606C-2002-476F-9C97-95EE490CC101}.Release|x86.Build.0 = Release|Any CPU
		{2FE3606C-2002-476F-9C97-95EE490CC101}.DEV_SDK|Any CPU.ActiveCfg = Debug|Any CPU
		{2FE3606C-2002-476F-9C97-95EE490CC101}.DEV_SDK|Any CPU.Build.0 = Debug|Any CPU
		{2FE3606C-2002-476F-9C97-95EE490CC101}.DEV_SDK|x64.ActiveCfg = Debug|Any CPU
		{2FE3606C-2002-476F-9C97-95EE490CC101}.DEV_SDK|x64.Build.0 = Debug|Any CPU
		{2FE3606C-2002-476F-9C97-95EE490CC101}.DEV_SDK|x86.ActiveCfg = Debug|Any CPU
		{2FE3606C-2002-476F-9C97-95EE490CC101}.DEV_SDK|x86.Build.0 = Debug|Any CPU
		{BC8CA7C7-703D-4C7D-8460-8910F4685659}.Debug|Any CPU.ActiveCfg = Debug|Any CPU
		{BC8CA7C7-703D-4C7D-8460-8910F4685659}.Debug|Any CPU.Build.0 = Debug|Any CPU
		{BC8CA7C7-703D-4C7D-8460-8910F4685659}.Debug|x64.ActiveCfg = Debug|Any CPU
		{BC8CA7C7-703D-4C7D-8460-8910F4685659}.Debug|x64.Build.0 = Debug|Any CPU
		{BC8CA7C7-703D-4C7D-8460-8910F4685659}.Debug|x86.ActiveCfg = Debug|Any CPU
		{BC8CA7C7-703D-4C7D-8460-8910F4685659}.Debug|x86.Build.0 = Debug|Any CPU
		{BC8CA7C7-703D-4C7D-8460-8910F4685659}.Release|Any CPU.ActiveCfg = Release|Any CPU
		{BC8CA7C7-703D-4C7D-8460-8910F4685659}.Release|Any CPU.Build.0 = Release|Any CPU
		{BC8CA7C7-703D-4C7D-8460-8910F4685659}.Release|x64.ActiveCfg = Release|Any CPU
		{BC8CA7C7-703D-4C7D-8460-8910F4685659}.Release|x64.Build.0 = Release|Any CPU
		{BC8CA7C7-703D-4C7D-8460-8910F4685659}.Release|x86.ActiveCfg = Release|Any CPU
		{BC8CA7C7-703D-4C7D-8460-8910F4685659}.Release|x86.Build.0 = Release|Any CPU
		{BC8CA7C7-703D-4C7D-8460-8910F4685659}.DEV_SDK|Any CPU.ActiveCfg = Debug|Any CPU
		{BC8CA7C7-703D-4C7D-8460-8910F4685659}.DEV_SDK|Any CPU.Build.0 = Debug|Any CPU
		{BC8CA7C7-703D-4C7D-8460-8910F4685659}.DEV_SDK|x64.ActiveCfg = Debug|Any CPU
		{BC8CA7C7-703D-4C7D-8460-8910F4685659}.DEV_SDK|x64.Build.0 = Debug|Any CPU
		{BC8CA7C7-703D-4C7D-8460-8910F4685659}.DEV_SDK|x86.ActiveCfg = Debug|Any CPU
		{BC8CA7C7-703D-4C7D-8460-8910F4685659}.DEV_SDK|x86.Build.0 = Debug|Any CPU
		{A9D2FFE0-E226-49D7-AB5B-03C306673CAC}.Debug|Any CPU.ActiveCfg = Debug|Any CPU
		{A9D2FFE0-E226-49D7-AB5B-03C306673CAC}.Debug|Any CPU.Build.0 = Debug|Any CPU
		{A9D2FFE0-E226-49D7-AB5B-03C306673CAC}.Debug|x64.ActiveCfg = Debug|Any CPU
		{A9D2FFE0-E226-49D7-AB5B-03C306673CAC}.Debug|x64.Build.0 = Debug|Any CPU
		{A9D2FFE0-E226-49D7-AB5B-03C306673CAC}.Debug|x86.ActiveCfg = Debug|Any CPU
		{A9D2FFE0-E226-49D7-AB5B-03C306673CAC}.Debug|x86.Build.0 = Debug|Any CPU
		{A9D2FFE0-E226-49D7-AB5B-03C306673CAC}.Release|Any CPU.ActiveCfg = Release|Any CPU
		{A9D2FFE0-E226-49D7-AB5B-03C306673CAC}.Release|Any CPU.Build.0 = Release|Any CPU
		{A9D2FFE0-E226-49D7-AB5B-03C306673CAC}.Release|x64.ActiveCfg = Release|Any CPU
		{A9D2FFE0-E226-49D7-AB5B-03C306673CAC}.Release|x64.Build.0 = Release|Any CPU
		{A9D2FFE0-E226-49D7-AB5B-03C306673CAC}.Release|x86.ActiveCfg = Release|Any CPU
		{A9D2FFE0-E226-49D7-AB5B-03C306673CAC}.Release|x86.Build.0 = Release|Any CPU
		{A9D2FFE0-E226-49D7-AB5B-03C306673CAC}.DEV_SDK|Any CPU.ActiveCfg = Debug|Any CPU
		{A9D2FFE0-E226-49D7-AB5B-03C306673CAC}.DEV_SDK|Any CPU.Build.0 = Debug|Any CPU
		{A9D2FFE0-E226-49D7-AB5B-03C306673CAC}.DEV_SDK|x64.ActiveCfg = Debug|Any CPU
		{A9D2FFE0-E226-49D7-AB5B-03C306673CAC}.DEV_SDK|x64.Build.0 = Debug|Any CPU
		{A9D2FFE0-E226-49D7-AB5B-03C306673CAC}.DEV_SDK|x86.ActiveCfg = Debug|Any CPU
		{A9D2FFE0-E226-49D7-AB5B-03C306673CAC}.DEV_SDK|x86.Build.0 = Debug|Any CPU
		{04E794EC-6A28-4422-A75B-534A215EA2E0}.Debug|Any CPU.ActiveCfg = Debug|Any CPU
		{04E794EC-6A28-4422-A75B-534A215EA2E0}.Debug|Any CPU.Build.0 = Debug|Any CPU
		{04E794EC-6A28-4422-A75B-534A215EA2E0}.Debug|x64.ActiveCfg = Debug|Any CPU
		{04E794EC-6A28-4422-A75B-534A215EA2E0}.Debug|x64.Build.0 = Debug|Any CPU
		{04E794EC-6A28-4422-A75B-534A215EA2E0}.Debug|x86.ActiveCfg = Debug|Any CPU
		{04E794EC-6A28-4422-A75B-534A215EA2E0}.Debug|x86.Build.0 = Debug|Any CPU
		{04E794EC-6A28-4422-A75B-534A215EA2E0}.Release|Any CPU.ActiveCfg = Release|Any CPU
		{04E794EC-6A28-4422-A75B-534A215EA2E0}.Release|Any CPU.Build.0 = Release|Any CPU
		{04E794EC-6A28-4422-A75B-534A215EA2E0}.Release|x64.ActiveCfg = Release|Any CPU
		{04E794EC-6A28-4422-A75B-534A215EA2E0}.Release|x64.Build.0 = Release|Any CPU
		{04E794EC-6A28-4422-A75B-534A215EA2E0}.Release|x86.ActiveCfg = Release|Any CPU
		{04E794EC-6A28-4422-A75B-534A215EA2E0}.Release|x86.Build.0 = Release|Any CPU
		{04E794EC-6A28-4422-A75B-534A215EA2E0}.DEV_SDK|Any CPU.ActiveCfg = Debug|Any CPU
		{04E794EC-6A28-4422-A75B-534A215EA2E0}.DEV_SDK|Any CPU.Build.0 = Debug|Any CPU
		{04E794EC-6A28-4422-A75B-534A215EA2E0}.DEV_SDK|x64.ActiveCfg = Debug|Any CPU
		{04E794EC-6A28-4422-A75B-534A215EA2E0}.DEV_SDK|x64.Build.0 = Debug|Any CPU
		{04E794EC-6A28-4422-A75B-534A215EA2E0}.DEV_SDK|x86.ActiveCfg = Debug|Any CPU
		{04E794EC-6A28-4422-A75B-534A215EA2E0}.DEV_SDK|x86.Build.0 = Debug|Any CPU
		{C6451581-0635-437F-9855-1AEAEF3C99C4}.Debug|Any CPU.ActiveCfg = Debug|Any CPU
		{C6451581-0635-437F-9855-1AEAEF3C99C4}.Debug|Any CPU.Build.0 = Debug|Any CPU
		{C6451581-0635-437F-9855-1AEAEF3C99C4}.Debug|x64.ActiveCfg = Debug|Any CPU
		{C6451581-0635-437F-9855-1AEAEF3C99C4}.Debug|x64.Build.0 = Debug|Any CPU
		{C6451581-0635-437F-9855-1AEAEF3C99C4}.Debug|x86.ActiveCfg = Debug|Any CPU
		{C6451581-0635-437F-9855-1AEAEF3C99C4}.Debug|x86.Build.0 = Debug|Any CPU
		{C6451581-0635-437F-9855-1AEAEF3C99C4}.Release|Any CPU.ActiveCfg = Release|Any CPU
		{C6451581-0635-437F-9855-1AEAEF3C99C4}.Release|Any CPU.Build.0 = Release|Any CPU
		{C6451581-0635-437F-9855-1AEAEF3C99C4}.Release|x64.ActiveCfg = Release|Any CPU
		{C6451581-0635-437F-9855-1AEAEF3C99C4}.Release|x64.Build.0 = Release|Any CPU
		{C6451581-0635-437F-9855-1AEAEF3C99C4}.Release|x86.ActiveCfg = Release|Any CPU
		{C6451581-0635-437F-9855-1AEAEF3C99C4}.Release|x86.Build.0 = Release|Any CPU
		{C6451581-0635-437F-9855-1AEAEF3C99C4}.DEV_SDK|Any CPU.ActiveCfg = Debug|Any CPU
		{C6451581-0635-437F-9855-1AEAEF3C99C4}.DEV_SDK|Any CPU.Build.0 = Debug|Any CPU
		{C6451581-0635-437F-9855-1AEAEF3C99C4}.DEV_SDK|x64.ActiveCfg = Debug|Any CPU
		{C6451581-0635-437F-9855-1AEAEF3C99C4}.DEV_SDK|x64.Build.0 = Debug|Any CPU
		{C6451581-0635-437F-9855-1AEAEF3C99C4}.DEV_SDK|x86.ActiveCfg = Debug|Any CPU
		{C6451581-0635-437F-9855-1AEAEF3C99C4}.DEV_SDK|x86.Build.0 = Debug|Any CPU
		{506925E4-F5D2-44A1-AFB8-0EAB50AC5308}.Debug|Any CPU.ActiveCfg = Debug|Any CPU
		{506925E4-F5D2-44A1-AFB8-0EAB50AC5308}.Debug|Any CPU.Build.0 = Debug|Any CPU
		{506925E4-F5D2-44A1-AFB8-0EAB50AC5308}.Debug|x64.ActiveCfg = Debug|Any CPU
		{506925E4-F5D2-44A1-AFB8-0EAB50AC5308}.Debug|x64.Build.0 = Debug|Any CPU
		{506925E4-F5D2-44A1-AFB8-0EAB50AC5308}.Debug|x86.ActiveCfg = Debug|Any CPU
		{506925E4-F5D2-44A1-AFB8-0EAB50AC5308}.Debug|x86.Build.0 = Debug|Any CPU
		{506925E4-F5D2-44A1-AFB8-0EAB50AC5308}.Release|Any CPU.ActiveCfg = Release|Any CPU
		{506925E4-F5D2-44A1-AFB8-0EAB50AC5308}.Release|Any CPU.Build.0 = Release|Any CPU
		{506925E4-F5D2-44A1-AFB8-0EAB50AC5308}.Release|x64.ActiveCfg = Release|Any CPU
		{506925E4-F5D2-44A1-AFB8-0EAB50AC5308}.Release|x64.Build.0 = Release|Any CPU
		{506925E4-F5D2-44A1-AFB8-0EAB50AC5308}.Release|x86.ActiveCfg = Release|Any CPU
		{506925E4-F5D2-44A1-AFB8-0EAB50AC5308}.Release|x86.Build.0 = Release|Any CPU
		{506925E4-F5D2-44A1-AFB8-0EAB50AC5308}.DEV_SDK|Any CPU.ActiveCfg = Debug|Any CPU
		{506925E4-F5D2-44A1-AFB8-0EAB50AC5308}.DEV_SDK|Any CPU.Build.0 = Debug|Any CPU
		{506925E4-F5D2-44A1-AFB8-0EAB50AC5308}.DEV_SDK|x64.ActiveCfg = Debug|Any CPU
		{506925E4-F5D2-44A1-AFB8-0EAB50AC5308}.DEV_SDK|x64.Build.0 = Debug|Any CPU
		{506925E4-F5D2-44A1-AFB8-0EAB50AC5308}.DEV_SDK|x86.ActiveCfg = Debug|Any CPU
		{506925E4-F5D2-44A1-AFB8-0EAB50AC5308}.DEV_SDK|x86.Build.0 = Debug|Any CPU
		{F1A2B3C4-D5E6-4789-A0B1-C2D3E4F56789}.Debug|Any CPU.ActiveCfg = Debug|Any CPU
		{F1A2B3C4-D5E6-4789-A0B1-C2D3E4F56789}.Debug|Any CPU.Build.0 = Debug|Any CPU
		{F1A2B3C4-D5E6-4789-A0B1-C2D3E4F56789}.Debug|x64.ActiveCfg = Debug|Any CPU
		{F1A2B3C4-D5E6-4789-A0B1-C2D3E4F56789}.Debug|x64.Build.0 = Debug|Any CPU
		{F1A2B3C4-D5E6-4789-A0B1-C2D3E4F56789}.Debug|x86.ActiveCfg = Debug|Any CPU
		{F1A2B3C4-D5E6-4789-A0B1-C2D3E4F56789}.Debug|x86.Build.0 = Debug|Any CPU
		{F1A2B3C4-D5E6-4789-A0B1-C2D3E4F56789}.Release|Any CPU.ActiveCfg = Release|Any CPU
		{F1A2B3C4-D5E6-4789-A0B1-C2D3E4F56789}.Release|Any CPU.Build.0 = Release|Any CPU
		{F1A2B3C4-D5E6-4789-A0B1-C2D3E4F56789}.Release|x64.ActiveCfg = Release|Any CPU
		{F1A2B3C4-D5E6-4789-A0B1-C2D3E4F56789}.Release|x64.Build.0 = Release|Any CPU
		{F1A2B3C4-D5E6-4789-A0B1-C2D3E4F56789}.Release|x86.ActiveCfg = Release|Any CPU
		{F1A2B3C4-D5E6-4789-A0B1-C2D3E4F56789}.Release|x86.Build.0 = Release|Any CPU
		{F1A2B3C4-D5E6-4789-A0B1-C2D3E4F56789}.DEV_SDK|Any CPU.ActiveCfg = Debug|Any CPU
		{F1A2B3C4-D5E6-4789-A0B1-C2D3E4F56789}.DEV_SDK|Any CPU.Build.0 = Debug|Any CPU
		{F1A2B3C4-D5E6-4789-A0B1-C2D3E4F56789}.DEV_SDK|x64.ActiveCfg = Debug|Any CPU
		{F1A2B3C4-D5E6-4789-A0B1-C2D3E4F56789}.DEV_SDK|x64.Build.0 = Debug|Any CPU
		{F1A2B3C4-D5E6-4789-A0B1-C2D3E4F56789}.DEV_SDK|x86.ActiveCfg = Debug|Any CPU
		{F1A2B3C4-D5E6-4789-A0B1-C2D3E4F56789}.DEV_SDK|x86.Build.0 = Debug|Any CPU
	EndGlobalSection
	GlobalSection(SolutionProperties) = preSolution
		HideSolutionNode = FALSE
	EndGlobalSection
	GlobalSection(NestedProjects) = preSolution
		{1AB2E000-A523-4802-90C8-68974D2AA2B0} = {ED7DE66D-1FF1-BCCD-393E-2D4AFCA661A0}
		{FA7CA3DD-745E-4EB8-8356-C2D894390427} = {ED7DE66D-1FF1-BCCD-393E-2D4AFCA661A0}
		{1FB39CA5-8C55-418A-8321-6C8B0079DF62} = {ED7DE66D-1FF1-BCCD-393E-2D4AFCA661A0}
		{EB1D5078-0194-4C38-9B5C-C7BC45935A06} = {ED7DE66D-1FF1-BCCD-393E-2D4AFCA661A0}
		{4ED62FAF-A9FB-4574-B5A5-7C5AE8968367} = {ED7DE66D-1FF1-BCCD-393E-2D4AFCA661A0}
		{A3D11F24-ACE5-437D-8847-974231F3148F} = {ED7DE66D-1FF1-BCCD-393E-2D4AFCA661A0}
		{DFF4D8AF-287D-4884-B488-1AB047170B0D} = {ED7DE66D-1FF1-BCCD-393E-2D4AFCA661A0}
		{FAE72399-DA6D-46CA-BE07-F2BDAEA5EFD9} = {ED7DE66D-1FF1-BCCD-393E-2D4AFCA661A0}
		{E1F2A3B4-C5D6-7890-4567-901234567890} = {A1B2C3D4-1111-2222-3333-444455556666}
		{24D6EC25-8355-4813-9C1D-25DE300EE0EB} = {ED7DE66D-1FF1-BCCD-393E-2D4AFCA661A0}
		{A7B8C9D0-E1F2-3456-7890-ABCDEF012345} = {ED7DE66D-1FF1-BCCD-393E-2D4AFCA661A0}
		{B8C9D0E1-F2A3-4567-8901-BCDEF0123456} = {ED7DE66D-1FF1-BCCD-393E-2D4AFCA661A0}
		{CF1B7D86-A208-434A-AFA2-2EBD7DC011D5} = {4F52FD11-658E-A102-6CD3-7D7C16FFA15B}
		{91BA05BE-F236-4C5E-A528-17C9036F141C} = {ED7DE66D-1FF1-BCCD-393E-2D4AFCA661A0}
		{D0163FB8-AE60-4B72-971B-27B1E8CBA7A6} = {ED7DE66D-1FF1-BCCD-393E-2D4AFCA661A0}
		{137AF3E6-ABCE-4B17-9F5A-3FBD73948B47} = {ED7DE66D-1FF1-BCCD-393E-2D4AFCA661A0}
		{2FE3606C-2002-476F-9C97-95EE490CC101} = {ED7DE66D-1FF1-BCCD-393E-2D4AFCA661A0}
		{BC8CA7C7-703D-4C7D-8460-8910F4685659} = {ED7DE66D-1FF1-BCCD-393E-2D4AFCA661A0}
		{A9D2FFE0-E226-49D7-AB5B-03C306673CAC} = {ED7DE66D-1FF1-BCCD-393E-2D4AFCA661A0}
		{04E794EC-6A28-4422-A75B-534A215EA2E0} = {ED7DE66D-1FF1-BCCD-393E-2D4AFCA661A0}
		{C6451581-0635-437F-9855-1AEAEF3C99C4} = {ED7DE66D-1FF1-BCCD-393E-2D4AFCA661A0}
		{506925E4-F5D2-44A1-AFB8-0EAB50AC5308} = {ED7DE66D-1FF1-BCCD-393E-2D4AFCA661A0}
		{F1A2B3C4-D5E6-4789-A0B1-C2D3E4F56789} = {ED7DE66D-1FF1-BCCD-393E-2D4AFCA661A0}
	EndGlobalSection
EndGlobal
