
Microsoft Visual Studio Solution File, Format Version 12.00
# Visual Studio Version 17
VisualStudioVersion = 17.0.31903.59
MinimumVisualStudioVersion = 10.0.40219.1
Project("{FAE04EC0-301F-11D3-BF4B-00C04F79EFBC}") = "NOLoader.API", "..\src\NOLoader.API\NOLoader.API.csproj", "{61E8F2DB-EF67-4C46-B8B6-31456CDBCBBC}"
EndProject
Project("{FAE04EC0-301F-11D3-BF4B-00C04F79EFBC}") = "NOLoader.Core", "..\src\NOLoader.Core\NOLoader.Core.csproj", "{5E1CC1BC-9C49-4B40-9F1E-DF0EFD65A6D3}"
EndProject
Project("{FAE04EC0-301F-11D3-BF4B-00C04F79EFBC}") = "NOLoader.Patcher", "..\src\NOLoader.Patcher\NOLoader.Patcher.csproj", "{703348FB-581F-4D95-B56F-355B537975EE}"
EndProject
Project("{FAE04EC0-301F-11D3-BF4B-00C04F79EFBC}") = "NOLoader.Registry", "..\src\NOLoader.Registry\NOLoader.Registry.csproj", "{5E292F48-A51C-44AB-B4D6-084A7A23F0B5}"
EndProject
Project("{FAE04EC0-301F-11D3-BF4B-00C04F79EFBC}") = "NOLoader.PatchTool", "..\src\NOLoader.PatchTool\NOLoader.PatchTool.csproj", "{A82A3A35-9DB1-4A7B-81DF-E263CBF5BD0D}"
EndProject
Project("{2150E333-8FDC-42A3-9474-1A3956D46DE8}") = "native", "native", "{A1B2C3D4-1111-2222-3333-444455556666}"
EndProject
Project("{8BC9CEB8-8B4A-11D0-8D11-00A0C91BC942}") = "NOLoader.Proxy", "..\native\NOLoader.Proxy\NOLoader.Proxy.vcxproj", "{E1F2A3B4-C5D6-7890-4567-901234567890}"
EndProject
Global
	GlobalSection(SolutionConfigurationPlatforms) = preSolution
		Debug|Any CPU = Debug|Any CPU
		Debug|x64 = Debug|x64
		Debug|x86 = Debug|x86
		Release|Any CPU = Release|Any CPU
		Release|x64 = Release|x64
		Release|x86 = Release|x86
		RDYTU|Any CPU = RDYTU|Any CPU
		RDYTU|x64 = RDYTU|x64
		RDYTU|x86 = RDYTU|x86
	EndGlobalSection
	GlobalSection(ProjectConfigurationPlatforms) = postSolution
		{61E8F2DB-EF67-4C46-B8B6-31456CDBCBBC}.Debug|Any CPU.ActiveCfg = Debug|Any CPU
		{61E8F2DB-EF67-4C46-B8B6-31456CDBCBBC}.Debug|Any CPU.Build.0 = Debug|Any CPU
		{61E8F2DB-EF67-4C46-B8B6-31456CDBCBBC}.Debug|x64.ActiveCfg = Debug|Any CPU
		{61E8F2DB-EF67-4C46-B8B6-31456CDBCBBC}.Debug|x64.Build.0 = Debug|Any CPU
		{61E8F2DB-EF67-4C46-B8B6-31456CDBCBBC}.Debug|x86.ActiveCfg = Debug|Any CPU
		{61E8F2DB-EF67-4C46-B8B6-31456CDBCBBC}.Debug|x86.Build.0 = Debug|Any CPU
		{61E8F2DB-EF67-4C46-B8B6-31456CDBCBBC}.Release|Any CPU.ActiveCfg = Release|Any CPU
		{61E8F2DB-EF67-4C46-B8B6-31456CDBCBBC}.Release|Any CPU.Build.0 = Release|Any CPU
		{61E8F2DB-EF67-4C46-B8B6-31456CDBCBBC}.Release|x64.ActiveCfg = Release|Any CPU
		{61E8F2DB-EF67-4C46-B8B6-31456CDBCBBC}.Release|x64.Build.0 = Release|Any CPU
		{61E8F2DB-EF67-4C46-B8B6-31456CDBCBBC}.Release|x86.ActiveCfg = Release|Any CPU
		{61E8F2DB-EF67-4C46-B8B6-31456CDBCBBC}.Release|x86.Build.0 = Release|Any CPU
		{5E1CC1BC-9C49-4B40-9F1E-DF0EFD65A6D3}.Debug|Any CPU.ActiveCfg = Debug|Any CPU
		{5E1CC1BC-9C49-4B40-9F1E-DF0EFD65A6D3}.Debug|Any CPU.Build.0 = Debug|Any CPU
		{5E1CC1BC-9C49-4B40-9F1E-DF0EFD65A6D3}.Debug|x64.ActiveCfg = Debug|Any CPU
		{5E1CC1BC-9C49-4B40-9F1E-DF0EFD65A6D3}.Debug|x64.Build.0 = Debug|Any CPU
		{5E1CC1BC-9C49-4B40-9F1E-DF0EFD65A6D3}.Debug|x86.ActiveCfg = Debug|Any CPU
		{5E1CC1BC-9C49-4B40-9F1E-DF0EFD65A6D3}.Debug|x86.Build.0 = Debug|Any CPU
		{5E1CC1BC-9C49-4B40-9F1E-DF0EFD65A6D3}.Release|Any CPU.ActiveCfg = Release|Any CPU
		{5E1CC1BC-9C49-4B40-9F1E-DF0EFD65A6D3}.Release|Any CPU.Build.0 = Release|Any CPU
		{5E1CC1BC-9C49-4B40-9F1E-DF0EFD65A6D3}.Release|x64.ActiveCfg = Release|Any CPU
		{5E1CC1BC-9C49-4B40-9F1E-DF0EFD65A6D3}.Release|x64.Build.0 = Release|Any CPU
		{5E1CC1BC-9C49-4B40-9F1E-DF0EFD65A6D3}.Release|x86.ActiveCfg = Release|Any CPU
		{5E1CC1BC-9C49-4B40-9F1E-DF0EFD65A6D3}.Release|x86.Build.0 = Release|Any CPU
		{703348FB-581F-4D95-B56F-355B537975EE}.Debug|Any CPU.ActiveCfg = Debug|Any CPU
		{703348FB-581F-4D95-B56F-355B537975EE}.Debug|Any CPU.Build.0 = Debug|Any CPU
		{703348FB-581F-4D95-B56F-355B537975EE}.Debug|x64.ActiveCfg = Debug|Any CPU
		{703348FB-581F-4D95-B56F-355B537975EE}.Debug|x64.Build.0 = Debug|Any CPU
		{703348FB-581F-4D95-B56F-355B537975EE}.Debug|x86.ActiveCfg = Debug|Any CPU
		{703348FB-581F-4D95-B56F-355B537975EE}.Debug|x86.Build.0 = Debug|Any CPU
		{703348FB-581F-4D95-B56F-355B537975EE}.Release|Any CPU.ActiveCfg = Release|Any CPU
		{703348FB-581F-4D95-B56F-355B537975EE}.Release|Any CPU.Build.0 = Release|Any CPU
		{703348FB-581F-4D95-B56F-355B537975EE}.Release|x64.ActiveCfg = Release|Any CPU
		{703348FB-581F-4D95-B56F-355B537975EE}.Release|x64.Build.0 = Release|Any CPU
		{703348FB-581F-4D95-B56F-355B537975EE}.Release|x86.ActiveCfg = Release|Any CPU
		{703348FB-581F-4D95-B56F-355B537975EE}.Release|x86.Build.0 = Release|Any CPU
		{5E292F48-A51C-44AB-B4D6-084A7A23F0B5}.Debug|Any CPU.ActiveCfg = Debug|Any CPU
		{5E292F48-A51C-44AB-B4D6-084A7A23F0B5}.Debug|Any CPU.Build.0 = Debug|Any CPU
		{5E292F48-A51C-44AB-B4D6-084A7A23F0B5}.Debug|x64.ActiveCfg = Debug|Any CPU
		{5E292F48-A51C-44AB-B4D6-084A7A23F0B5}.Debug|x64.Build.0 = Debug|Any CPU
		{5E292F48-A51C-44AB-B4D6-084A7A23F0B5}.Debug|x86.ActiveCfg = Debug|Any CPU
		{5E292F48-A51C-44AB-B4D6-084A7A23F0B5}.Debug|x86.Build.0 = Debug|Any CPU
		{5E292F48-A51C-44AB-B4D6-084A7A23F0B5}.Release|Any CPU.ActiveCfg = Release|Any CPU
		{5E292F48-A51C-44AB-B4D6-084A7A23F0B5}.Release|Any CPU.Build.0 = Release|Any CPU
		{5E292F48-A51C-44AB-B4D6-084A7A23F0B5}.Release|x64.ActiveCfg = Release|Any CPU
		{5E292F48-A51C-44AB-B4D6-084A7A23F0B5}.Release|x64.Build.0 = Release|Any CPU
		{5E292F48-A51C-44AB-B4D6-084A7A23F0B5}.Release|x86.ActiveCfg = Release|Any CPU
		{5E292F48-A51C-44AB-B4D6-084A7A23F0B5}.Release|x86.Build.0 = Release|Any CPU
		{A82A3A35-9DB1-4A7B-81DF-E263CBF5BD0D}.Debug|Any CPU.ActiveCfg = Debug|Any CPU
		{A82A3A35-9DB1-4A7B-81DF-E263CBF5BD0D}.Debug|Any CPU.Build.0 = Debug|Any CPU
		{A82A3A35-9DB1-4A7B-81DF-E263CBF5BD0D}.Debug|x64.ActiveCfg = Debug|Any CPU
		{A82A3A35-9DB1-4A7B-81DF-E263CBF5BD0D}.Debug|x64.Build.0 = Debug|Any CPU
		{A82A3A35-9DB1-4A7B-81DF-E263CBF5BD0D}.Debug|x86.ActiveCfg = Debug|Any CPU
		{A82A3A35-9DB1-4A7B-81DF-E263CBF5BD0D}.Debug|x86.Build.0 = Debug|Any CPU
		{A82A3A35-9DB1-4A7B-81DF-E263CBF5BD0D}.Release|Any CPU.ActiveCfg = Release|Any CPU
		{A82A3A35-9DB1-4A7B-81DF-E263CBF5BD0D}.Release|Any CPU.Build.0 = Release|Any CPU
		{A82A3A35-9DB1-4A7B-81DF-E263CBF5BD0D}.Release|x64.ActiveCfg = Release|Any CPU
		{A82A3A35-9DB1-4A7B-81DF-E263CBF5BD0D}.Release|x64.Build.0 = Release|Any CPU
		{A82A3A35-9DB1-4A7B-81DF-E263CBF5BD0D}.Release|x86.ActiveCfg = Release|Any CPU
		{A82A3A35-9DB1-4A7B-81DF-E263CBF5BD0D}.Release|x86.Build.0 = Release|Any CPU
		{61E8F2DB-EF67-4C46-B8B6-31456CDBCBBC}.RDYTU|Any CPU.ActiveCfg = RDYTU|Any CPU
		{61E8F2DB-EF67-4C46-B8B6-31456CDBCBBC}.RDYTU|Any CPU.Build.0 = RDYTU|Any CPU
		{61E8F2DB-EF67-4C46-B8B6-31456CDBCBBC}.RDYTU|x64.ActiveCfg = RDYTU|Any CPU
		{61E8F2DB-EF67-4C46-B8B6-31456CDBCBBC}.RDYTU|x64.Build.0 = RDYTU|Any CPU
		{61E8F2DB-EF67-4C46-B8B6-31456CDBCBBC}.RDYTU|x86.ActiveCfg = RDYTU|Any CPU
		{61E8F2DB-EF67-4C46-B8B6-31456CDBCBBC}.RDYTU|x86.Build.0 = RDYTU|Any CPU
		{A82A3A35-9DB1-4A7B-81DF-E263CBF5BD0D}.RDYTU|Any CPU.ActiveCfg = RDYTU|Any CPU
		{A82A3A35-9DB1-4A7B-81DF-E263CBF5BD0D}.RDYTU|Any CPU.Build.0 = RDYTU|Any CPU
		{A82A3A35-9DB1-4A7B-81DF-E263CBF5BD0D}.RDYTU|x64.ActiveCfg = RDYTU|Any CPU
		{A82A3A35-9DB1-4A7B-81DF-E263CBF5BD0D}.RDYTU|x64.Build.0 = RDYTU|Any CPU
		{A82A3A35-9DB1-4A7B-81DF-E263CBF5BD0D}.RDYTU|x86.ActiveCfg = RDYTU|Any CPU
		{A82A3A35-9DB1-4A7B-81DF-E263CBF5BD0D}.RDYTU|x86.Build.0 = RDYTU|Any CPU
		{703348FB-581F-4D95-B56F-355B537975EE}.RDYTU|Any CPU.ActiveCfg = RDYTU|Any CPU
		{703348FB-581F-4D95-B56F-355B537975EE}.RDYTU|Any CPU.Build.0 = RDYTU|Any CPU
		{703348FB-581F-4D95-B56F-355B537975EE}.RDYTU|x64.ActiveCfg = RDYTU|Any CPU
		{703348FB-581F-4D95-B56F-355B537975EE}.RDYTU|x64.Build.0 = RDYTU|Any CPU
		{703348FB-581F-4D95-B56F-355B537975EE}.RDYTU|x86.ActiveCfg = RDYTU|Any CPU
		{703348FB-581F-4D95-B56F-355B537975EE}.RDYTU|x86.Build.0 = RDYTU|Any CPU
		{5E1CC1BC-9C49-4B40-9F1E-DF0EFD65A6D3}.RDYTU|Any CPU.ActiveCfg = RDYTU|Any CPU
		{5E1CC1BC-9C49-4B40-9F1E-DF0EFD65A6D3}.RDYTU|Any CPU.Build.0 = RDYTU|Any CPU
		{5E1CC1BC-9C49-4B40-9F1E-DF0EFD65A6D3}.RDYTU|x64.ActiveCfg = RDYTU|Any CPU
		{5E1CC1BC-9C49-4B40-9F1E-DF0EFD65A6D3}.RDYTU|x64.Build.0 = RDYTU|Any CPU
		{5E1CC1BC-9C49-4B40-9F1E-DF0EFD65A6D3}.RDYTU|x86.ActiveCfg = RDYTU|Any CPU
		{5E1CC1BC-9C49-4B40-9F1E-DF0EFD65A6D3}.RDYTU|x86.Build.0 = RDYTU|Any CPU
		{5E292F48-A51C-44AB-B4D6-084A7A23F0B5}.RDYTU|Any CPU.ActiveCfg = RDYTU|Any CPU
		{5E292F48-A51C-44AB-B4D6-084A7A23F0B5}.RDYTU|Any CPU.Build.0 = RDYTU|Any CPU
		{5E292F48-A51C-44AB-B4D6-084A7A23F0B5}.RDYTU|x64.ActiveCfg = RDYTU|Any CPU
		{5E292F48-A51C-44AB-B4D6-084A7A23F0B5}.RDYTU|x64.Build.0 = RDYTU|Any CPU
		{5E292F48-A51C-44AB-B4D6-084A7A23F0B5}.RDYTU|x86.ActiveCfg = RDYTU|Any CPU
		{5E292F48-A51C-44AB-B4D6-084A7A23F0B5}.RDYTU|x86.Build.0 = RDYTU|Any CPU
	EndGlobalSection
	GlobalSection(SolutionProperties) = preSolution
		HideSolutionNode = FALSE
	EndGlobalSection
	GlobalSection(NestedProjects) = preSolution
		{E1F2A3B4-C5D6-7890-4567-901234567890} = {A1B2C3D4-1111-2222-3333-444455556666}
	EndGlobalSection
EndGlobal
